// !$*UTF8*$!
{
	archiveVersion = 1;
	classes = {
	};
	objectVersion = 50;
	objects = {

/* Begin PBXBuildFile section */
		8E1439E42443AA49003B8D34 /* FrenchRevolution3.plist in Resources */ = {isa = PBXBuildFile; fileRef = 8E1439E32443AA49003B8D34 /* FrenchRevolution3.plist */; };
		8E1439EF2444BAF0003B8D34 /* Napoleon's rise to power.plist in Resources */ = {isa = PBXBuildFile; fileRef = 8E1439EE2444BAF0003B8D34 /* Napoleon's rise to power.plist */; };
		8E1439F12444BAFA003B8D34 /* Napoleon's conquests.plist in Resources */ = {isa = PBXBuildFile; fileRef = 8E1439F02444BAFA003B8D34 /* Napoleon's conquests.plist */; };
		8E1439F32444BB05003B8D34 /* Napoleon 100 days war.plist in Resources */ = {isa = PBXBuildFile; fileRef = 8E1439F22444BB05003B8D34 /* Napoleon 100 days war.plist */; };
		8E2572C5243A312B00F52B99 /* Revolutions1.plist in Resources */ = {isa = PBXBuildFile; fileRef = 8E2572BE243A312A00F52B99 /* Revolutions1.plist */; };
		8E2572C6243A312B00F52B99 /* Revolutions3.plist in Resources */ = {isa = PBXBuildFile; fileRef = 8E2572BF243A312A00F52B99 /* Revolutions3.plist */; };
		8E2572C8243A312B00F52B99 /* Revolutions2.plist in Resources */ = {isa = PBXBuildFile; fileRef = 8E2572C1243A312A00F52B99 /* Revolutions2.plist */; };
		8E2572D4243BB99800F52B99 /* Wars4.plist in Resources */ = {isa = PBXBuildFile; fileRef = 8E2572D0243BB99800F52B99 /* Wars4.plist */; };
		8E2572D5243BB99800F52B99 /* Wars3.plist in Resources */ = {isa = PBXBuildFile; fileRef = 8E2572D1243BB99800F52B99 /* Wars3.plist */; };
		8E2572D6243BB99800F52B99 /* Wars5.plist in Resources */ = {isa = PBXBuildFile; fileRef = 8E2572D2243BB99800F52B99 /* Wars5.plist */; };
		8E25732B243BD04100F52B99 /* AmericanCivilWar3.plist in Resources */ = {isa = PBXBuildFile; fileRef = 8E25732A243BD04100F52B99 /* AmericanCivilWar3.plist */; };
		8E257346243E429C00F52B99 /* AmericainRevolution3.plist in Resources */ = {isa = PBXBuildFile; fileRef = 8E257345243E429C00F52B99 /* AmericainRevolution3.plist */; };
		8E257356243E733500F52B99 /* WW2-3.plist in Resources */ = {isa = PBXBuildFile; fileRef = 8E257355243E733500F52B99 /* WW2-3.plist */; };
		8E2EA07C245C7D1900E826C8 /* CoinAndPoints.swift in Sources */ = {isa = PBXBuildFile; fileRef = 8E2EA07B245C7D1900E826C8 /* CoinAndPoints.swift */; };
		8E2EA07E245DF5EA00E826C8 /* ProgressBar.swift in Sources */ = {isa = PBXBuildFile; fileRef = 8E2EA07D245DF5EA00E826C8 /* ProgressBar.swift */; };
		8E33752A2448C9300049467C /* DataView.swift in Sources */ = {isa = PBXBuildFile; fileRef = 8E3375292448C9300049467C /* DataView.swift */; };
		8E674E3A244F858C001212B4 /* Eras1.plist in Resources */ = {isa = PBXBuildFile; fileRef = 8E674E39244F858C001212B4 /* Eras1.plist */; };
		8E674E3C244F8591001212B4 /* Eras2.plist in Resources */ = {isa = PBXBuildFile; fileRef = 8E674E3B244F8591001212B4 /* Eras2.plist */; };
		8E674E40244F862F001212B4 /* SequenceEras1.plist in Resources */ = {isa = PBXBuildFile; fileRef = 8E674E3F244F862F001212B4 /* SequenceEras1.plist */; };
		8E674E42244F8669001212B4 /* SequenceEras2.plist in Resources */ = {isa = PBXBuildFile; fileRef = 8E674E41244F8669001212B4 /* SequenceEras2.plist */; };
		8E674E44244F86B0001212B4 /* SequenceEras3.plist in Resources */ = {isa = PBXBuildFile; fileRef = 8E674E43244F86AF001212B4 /* SequenceEras3.plist */; };
		8E674E48244F8923001212B4 /* Eras3.plist in Resources */ = {isa = PBXBuildFile; fileRef = 8E674E47244F8923001212B4 /* Eras3.plist */; };
		8E674E4C244F98D4001212B4 /* AncientCivilisation1.plist in Resources */ = {isa = PBXBuildFile; fileRef = 8E674E4B244F98D4001212B4 /* AncientCivilisation1.plist */; };
		8E674E4E244F98DA001212B4 /* AncientCivilisation2.plist in Resources */ = {isa = PBXBuildFile; fileRef = 8E674E4D244F98DA001212B4 /* AncientCivilisation2.plist */; };
		8E674E50244F98E5001212B4 /* AncientCivilisation3.plist in Resources */ = {isa = PBXBuildFile; fileRef = 8E674E4F244F98E5001212B4 /* AncientCivilisation3.plist */; };
		8E674E52244F98EA001212B4 /* AncientCivilisation4.plist in Resources */ = {isa = PBXBuildFile; fileRef = 8E674E51244F98EA001212B4 /* AncientCivilisation4.plist */; };
		8E674E5E2450B769001212B4 /* AmericainRevolution1.plist in Resources */ = {isa = PBXBuildFile; fileRef = 8E674E5D2450B769001212B4 /* AmericainRevolution1.plist */; };
		8E674E602450B80E001212B4 /* AmericainRevolution2.plist in Resources */ = {isa = PBXBuildFile; fileRef = 8E674E5F2450B80E001212B4 /* AmericainRevolution2.plist */; };
		8E674E642450BE51001212B4 /* SequenceAncientCivilisation1.plist in Resources */ = {isa = PBXBuildFile; fileRef = 8E674E632450BE51001212B4 /* SequenceAncientCivilisation1.plist */; };
		8E674E662450BE89001212B4 /* SequenceAncientCivilisation2.plist in Resources */ = {isa = PBXBuildFile; fileRef = 8E674E652450BE89001212B4 /* SequenceAncientCivilisation2.plist */; };
		8E674E682450BEAC001212B4 /* SequenceAncientCivilisation3.plist in Resources */ = {isa = PBXBuildFile; fileRef = 8E674E672450BEAC001212B4 /* SequenceAncientCivilisation3.plist */; };
		8E674E6A2450BEC1001212B4 /* SequenceAncientCivilisation4.plist in Resources */ = {isa = PBXBuildFile; fileRef = 8E674E692450BEC1001212B4 /* SequenceAncientCivilisation4.plist */; };
		8E674E6C2450BF95001212B4 /* SequenceRevolutions3.plist in Resources */ = {isa = PBXBuildFile; fileRef = 8E674E6B2450BF95001212B4 /* SequenceRevolutions3.plist */; };
		8E674E6E2450BFA3001212B4 /* SequenceRevolutions1.plist in Resources */ = {isa = PBXBuildFile; fileRef = 8E674E6D2450BFA3001212B4 /* SequenceRevolutions1.plist */; };
		8E674E702450BFB5001212B4 /* SequenceRevolutions2.plist in Resources */ = {isa = PBXBuildFile; fileRef = 8E674E6F2450BFB5001212B4 /* SequenceRevolutions2.plist */; };
		8E674E722450C2A1001212B4 /* SequenceAmericainRevolution1.plist in Resources */ = {isa = PBXBuildFile; fileRef = 8E674E712450C2A1001212B4 /* SequenceAmericainRevolution1.plist */; };
		8E674E742450C2CA001212B4 /* SequenceAmericainRevolution2.plist in Resources */ = {isa = PBXBuildFile; fileRef = 8E674E732450C2C9001212B4 /* SequenceAmericainRevolution2.plist */; };
		8E674E762450C2FD001212B4 /* SequenceAmericainRevolution3.plist in Resources */ = {isa = PBXBuildFile; fileRef = 8E674E752450C2FD001212B4 /* SequenceAmericainRevolution3.plist */; };
		8E674E7A2450CDF7001212B4 /* FrenchRevolution1.plist in Resources */ = {isa = PBXBuildFile; fileRef = 8E674E792450CDF7001212B4 /* FrenchRevolution1.plist */; };
		8E674E7C2450CDFD001212B4 /* FrenchRevolution2.plist in Resources */ = {isa = PBXBuildFile; fileRef = 8E674E7B2450CDFD001212B4 /* FrenchRevolution2.plist */; };
		8E674E7E2450CE0E001212B4 /* SequenceFrenchRevolution1.plist in Resources */ = {isa = PBXBuildFile; fileRef = 8E674E7D2450CE0E001212B4 /* SequenceFrenchRevolution1.plist */; };
		8E674E802450CE3D001212B4 /* SequenceFrenchRevolution2.plist in Resources */ = {isa = PBXBuildFile; fileRef = 8E674E7F2450CE3D001212B4 /* SequenceFrenchRevolution2.plist */; };
		8E674E822450CE5F001212B4 /* SequenceFrenchRevolution3.plist in Resources */ = {isa = PBXBuildFile; fileRef = 8E674E812450CE5F001212B4 /* SequenceFrenchRevolution3.plist */; };
		8E674E862450DF01001212B4 /* Wars1.plist in Resources */ = {isa = PBXBuildFile; fileRef = 8E674E852450DF00001212B4 /* Wars1.plist */; };
		8E674E882450DF08001212B4 /* Wars2.plist in Resources */ = {isa = PBXBuildFile; fileRef = 8E674E872450DF08001212B4 /* Wars2.plist */; };
		8E674E8A2450DF2F001212B4 /* SequenceWars1.plist in Resources */ = {isa = PBXBuildFile; fileRef = 8E674E892450DF2F001212B4 /* SequenceWars1.plist */; };
		8E674E8C2450DF4C001212B4 /* SequenceWars2.plist in Resources */ = {isa = PBXBuildFile; fileRef = 8E674E8B2450DF4C001212B4 /* SequenceWars2.plist */; };
		8E674E8E2450DF5C001212B4 /* SequenceWars3.plist in Resources */ = {isa = PBXBuildFile; fileRef = 8E674E8D2450DF5B001212B4 /* SequenceWars3.plist */; };
		8E674E902450DF6D001212B4 /* SequenceWars4.plist in Resources */ = {isa = PBXBuildFile; fileRef = 8E674E8F2450DF6D001212B4 /* SequenceWars4.plist */; };
		8E674E922450DF7E001212B4 /* SequenceWars5.plist in Resources */ = {isa = PBXBuildFile; fileRef = 8E674E912450DF7E001212B4 /* SequenceWars5.plist */; };
		8E674E962450EB80001212B4 /* AmericanCivilWar1.plist in Resources */ = {isa = PBXBuildFile; fileRef = 8E674E952450EB80001212B4 /* AmericanCivilWar1.plist */; };
		8E674E982450EB86001212B4 /* AmericanCivilWar2.plist in Resources */ = {isa = PBXBuildFile; fileRef = 8E674E972450EB86001212B4 /* AmericanCivilWar2.plist */; };
		8E674E9A2450EB9F001212B4 /* SequenceAmericainCivilWar1.plist in Resources */ = {isa = PBXBuildFile; fileRef = 8E674E992450EB9F001212B4 /* SequenceAmericainCivilWar1.plist */; };
		8E674E9C2450EBB8001212B4 /* SequenceAmericainCivilWar2.plist in Resources */ = {isa = PBXBuildFile; fileRef = 8E674E9B2450EBB8001212B4 /* SequenceAmericainCivilWar2.plist */; };
		8E674E9E2450EBC5001212B4 /* SequenceAmericainCivilWar3.plist in Resources */ = {isa = PBXBuildFile; fileRef = 8E674E9D2450EBC5001212B4 /* SequenceAmericainCivilWar3.plist */; };
		8E674EA22451F790001212B4 /* WW1-1.plist in Resources */ = {isa = PBXBuildFile; fileRef = 8E674EA12451F790001212B4 /* WW1-1.plist */; };
		8E674EA42451F797001212B4 /* WW1-2.plist in Resources */ = {isa = PBXBuildFile; fileRef = 8E674EA32451F797001212B4 /* WW1-2.plist */; };
		8E674EA82451F7F0001212B4 /* SequenceWW1-1.plist in Resources */ = {isa = PBXBuildFile; fileRef = 8E674EA72451F7F0001212B4 /* SequenceWW1-1.plist */; };
		8E674EAA2451F80B001212B4 /* SequenceWW1-2.plist in Resources */ = {isa = PBXBuildFile; fileRef = 8E674EA92451F80B001212B4 /* SequenceWW1-2.plist */; };
		8E674EAE24521DE2001212B4 /* WW2-1.plist in Resources */ = {isa = PBXBuildFile; fileRef = 8E674EAD24521DE2001212B4 /* WW2-1.plist */; };
		8E674EB024521DEB001212B4 /* WW2-2.plist in Resources */ = {isa = PBXBuildFile; fileRef = 8E674EAF24521DEB001212B4 /* WW2-2.plist */; };
		8E674EB224521E09001212B4 /* SequenceWW2-1.plist in Resources */ = {isa = PBXBuildFile; fileRef = 8E674EB124521E09001212B4 /* SequenceWW2-1.plist */; };
		8E674EB424521E2F001212B4 /* SequenceWW2-2.plist in Resources */ = {isa = PBXBuildFile; fileRef = 8E674EB324521E2F001212B4 /* SequenceWW2-2.plist */; };
		8E674EB624521E45001212B4 /* SequenceWW2-3.plist in Resources */ = {isa = PBXBuildFile; fileRef = 8E674EB524521E45001212B4 /* SequenceWW2-3.plist */; };
		8E674EBA245237C2001212B4 /* SpacePioneers1.plist in Resources */ = {isa = PBXBuildFile; fileRef = 8E674EB9245237C2001212B4 /* SpacePioneers1.plist */; };
		8E674EBC245237CB001212B4 /* SpacePioneers2.plist in Resources */ = {isa = PBXBuildFile; fileRef = 8E674EBB245237CA001212B4 /* SpacePioneers2.plist */; };
		8E674EBE245237E3001212B4 /* SequenceSpacePioneers1.plist in Resources */ = {isa = PBXBuildFile; fileRef = 8E674EBD245237E3001212B4 /* SequenceSpacePioneers1.plist */; };
		8E674EC02452380E001212B4 /* SequenceSpacePioneers2.plist in Resources */ = {isa = PBXBuildFile; fileRef = 8E674EBF2452380E001212B4 /* SequenceSpacePioneers2.plist */; };
		8E674EC22452382D001212B4 /* SequenceSpacePioneers3.plist in Resources */ = {isa = PBXBuildFile; fileRef = 8E674EC12452382D001212B4 /* SequenceSpacePioneers3.plist */; };
		8E674EC424523845001212B4 /* SequenceSpacePioneers4.plist in Resources */ = {isa = PBXBuildFile; fileRef = 8E674EC324523845001212B4 /* SequenceSpacePioneers4.plist */; };
		8E674EC624560E51001212B4 /* Pine_Apple_Rag.ogg.mp3 in Resources */ = {isa = PBXBuildFile; fileRef = 8E674EC524560E51001212B4 /* Pine_Apple_Rag.ogg.mp3 */; };
		8EDB8655244A0A0A00C95E5E /* SequenceNapoleon1.plist in Resources */ = {isa = PBXBuildFile; fileRef = 8EDB8654244A0A0A00C95E5E /* SequenceNapoleon1.plist */; };
		8EDB8657244A2C4200C95E5E /* SequenceNapoleon2.plist in Resources */ = {isa = PBXBuildFile; fileRef = 8EDB8656244A2C4100C95E5E /* SequenceNapoleon2.plist */; };
		8EDB8659244A2DE100C95E5E /* SequenceNapoleon3.plist in Resources */ = {isa = PBXBuildFile; fileRef = 8EDB8658244A2DE100C95E5E /* SequenceNapoleon3.plist */; };
		8EDB865B244A409500C95E5E /* Accomplishements.swift in Sources */ = {isa = PBXBuildFile; fileRef = 8EDB865A244A409500C95E5E /* Accomplishements.swift */; };
		8EDB865E244B8CD400C95E5E /* UserDataInitialisation.swift in Sources */ = {isa = PBXBuildFile; fileRef = 8EDB865D244B8CD400C95E5E /* UserDataInitialisation.swift */; };
		8EDE2ECC243141F400588FCA /* AppDelegate.swift in Sources */ = {isa = PBXBuildFile; fileRef = 8EDE2ECB243141F400588FCA /* AppDelegate.swift */; };
		8EDE2ECE243141F400588FCA /* SceneDelegate.swift in Sources */ = {isa = PBXBuildFile; fileRef = 8EDE2ECD243141F400588FCA /* SceneDelegate.swift */; };
		8EDE2ED1243141F400588FCA /* HistoryCards.xcdatamodeld in Sources */ = {isa = PBXBuildFile; fileRef = 8EDE2ECF243141F400588FCA /* HistoryCards.xcdatamodeld */; };
		8EDE2ED3243141F400588FCA /* MenuView.swift in Sources */ = {isa = PBXBuildFile; fileRef = 8EDE2ED2243141F400588FCA /* MenuView.swift */; };
		8EDE2ED5243141F700588FCA /* Assets.xcassets in Resources */ = {isa = PBXBuildFile; fileRef = 8EDE2ED4243141F700588FCA /* Assets.xcassets */; };
		8EDE2ED8243141F700588FCA /* Preview Assets.xcassets in Resources */ = {isa = PBXBuildFile; fileRef = 8EDE2ED7243141F700588FCA /* Preview Assets.xcassets */; };
		8EDE2EDB243141F700588FCA /* LaunchScreen.storyboard in Resources */ = {isa = PBXBuildFile; fileRef = 8EDE2ED9243141F700588FCA /* LaunchScreen.storyboard */; };
		8EDE2EE6243141F800588FCA /* HistoryCardsTests.swift in Sources */ = {isa = PBXBuildFile; fileRef = 8EDE2EE5243141F800588FCA /* HistoryCardsTests.swift */; };
		8EDE2EF1243141F800588FCA /* HistoryCardsUITests.swift in Sources */ = {isa = PBXBuildFile; fileRef = 8EDE2EF0243141F800588FCA /* HistoryCardsUITests.swift */; };
		8EDE2F04243142EC00588FCA /* Event.swift in Sources */ = {isa = PBXBuildFile; fileRef = 8EDE2EFF243142EC00588FCA /* Event.swift */; };
		8EDE2F05243142EC00588FCA /* Card.swift in Sources */ = {isa = PBXBuildFile; fileRef = 8EDE2F00243142EC00588FCA /* Card.swift */; };
		8EDE2F06243142EC00588FCA /* Question.swift in Sources */ = {isa = PBXBuildFile; fileRef = 8EDE2F01243142EC00588FCA /* Question.swift */; };
		8EDE2F07243142EC00588FCA /* Seuquence.swift in Sources */ = {isa = PBXBuildFile; fileRef = 8EDE2F02243142EC00588FCA /* Seuquence.swift */; };
		8EDE2F08243142EC00588FCA /* ContentView.swift in Sources */ = {isa = PBXBuildFile; fileRef = 8EDE2F03243142EC00588FCA /* ContentView.swift */; };
		8EDE2F0C243142FC00588FCA /* QuestionForSeries.swift in Sources */ = {isa = PBXBuildFile; fileRef = 8EDE2F0A243142FC00588FCA /* QuestionForSeries.swift */; };
		8EDE2F0D243142FC00588FCA /* TimeLineView.swift in Sources */ = {isa = PBXBuildFile; fileRef = 8EDE2F0B243142FC00588FCA /* TimeLineView.swift */; };
		8EDE2F112431430700588FCA /* QuizView.swift in Sources */ = {isa = PBXBuildFile; fileRef = 8EDE2F0F2431430700588FCA /* QuizView.swift */; };
		8EDE2F122431430700588FCA /* QuizData.swift in Sources */ = {isa = PBXBuildFile; fileRef = 8EDE2F102431430700588FCA /* QuizData.swift */; };
		8EDE2F162431431000588FCA /* QUizDataView.swift in Sources */ = {isa = PBXBuildFile; fileRef = 8EDE2F142431431000588FCA /* QUizDataView.swift */; };
		8EDE2F172431431000588FCA /* AllEvents.swift in Sources */ = {isa = PBXBuildFile; fileRef = 8EDE2F152431431000588FCA /* AllEvents.swift */; };
		8EDE2F1E2431431800588FCA /* ScaledFont.swift in Sources */ = {isa = PBXBuildFile; fileRef = 8EDE2F192431431800588FCA /* ScaledFont.swift */; };
		8EDE2F1F2431431800588FCA /* FontsAndConstraintsOptions.swift in Sources */ = {isa = PBXBuildFile; fileRef = 8EDE2F1A2431431800588FCA /* FontsAndConstraintsOptions.swift */; };
		8EDE2F202431431800588FCA /* ColorRefernece.swift in Sources */ = {isa = PBXBuildFile; fileRef = 8EDE2F1B2431431800588FCA /* ColorRefernece.swift */; };
		8EDE2F212431431800588FCA /* Extensions.swift in Sources */ = {isa = PBXBuildFile; fileRef = 8EDE2F1C2431431800588FCA /* Extensions.swift */; };
		8EDE2F222431431800588FCA /* ScreenDimension.swift in Sources */ = {isa = PBXBuildFile; fileRef = 8EDE2F1D2431431800588FCA /* ScreenDimension.swift */; };
		8EDE2F2A2431431F00588FCA /* Error Warning.wav in Resources */ = {isa = PBXBuildFile; fileRef = 8EDE2F242431431F00588FCA /* Error Warning.wav */; };
		8EDE2F2B2431431F00588FCA /* Incoming Text 01.wav in Resources */ = {isa = PBXBuildFile; fileRef = 8EDE2F252431431F00588FCA /* Incoming Text 01.wav */; };
		8EDE2F2C2431431F00588FCA /* music_harp_gliss_up.wav in Resources */ = {isa = PBXBuildFile; fileRef = 8EDE2F262431431F00588FCA /* music_harp_gliss_up.wav */; };
		8EDE2F2D2431431F00588FCA /* PlaySound.swift in Sources */ = {isa = PBXBuildFile; fileRef = 8EDE2F272431431F00588FCA /* PlaySound.swift */; };
		8EDE2F2E2431431F00588FCA /* 404015__paul-sinnett__card.wav in Resources */ = {isa = PBXBuildFile; fileRef = 8EDE2F282431431F00588FCA /* 404015__paul-sinnett__card.wav */; };
		8EDE2F2F2431431F00588FCA /* chime_clickbell_octave_up.mp3 in Resources */ = {isa = PBXBuildFile; fileRef = 8EDE2F292431431F00588FCA /* chime_clickbell_octave_up.mp3 */; };
		8EDE2F382431432800588FCA /* InventionsSequence.plist in Resources */ = {isa = PBXBuildFile; fileRef = 8EDE2F332431432800588FCA /* InventionsSequence.plist */; };
		8EDE2F392431432800588FCA /* InventionsQuiz.plist in Resources */ = {isa = PBXBuildFile; fileRef = 8EDE2F342431432800588FCA /* InventionsQuiz.plist */; };
		8EDE2F3A2431432800588FCA /* InventionsCardData.plist in Resources */ = {isa = PBXBuildFile; fileRef = 8EDE2F352431432800588FCA /* InventionsCardData.plist */; };
		8EDE2F502433CF5200588FCA /* NameModel.swift in Sources */ = {isa = PBXBuildFile; fileRef = 8EDE2F4F2433CF5200588FCA /* NameModel.swift */; };
		8EF6BAB3243FA06200E36EE0 /* SpacePioneers3.plist in Resources */ = {isa = PBXBuildFile; fileRef = 8EF6BAB0243FA06200E36EE0 /* SpacePioneers3.plist */; };
		8EF6BAB5243FA06200E36EE0 /* SpacePioneers4.plist in Resources */ = {isa = PBXBuildFile; fileRef = 8EF6BAB2243FA06200E36EE0 /* SpacePioneers4.plist */; };
		8EF6BAC12440CD3100E36EE0 /* menu.json in Resources */ = {isa = PBXBuildFile; fileRef = 8EF6BAC02440CD3100E36EE0 /* menu.json */; };
		8EF6BAC32440E25E00E36EE0 /* Helper.swift in Sources */ = {isa = PBXBuildFile; fileRef = 8EF6BAC22440E25E00E36EE0 /* Helper.swift */; };
		8EF6BAC62441088D00E36EE0 /* ItemRowView.swift in Sources */ = {isa = PBXBuildFile; fileRef = 8EF6BAC52441088D00E36EE0 /* ItemRowView.swift */; };
		8EF6BAC824410EF100E36EE0 /* SectionRow.swift in Sources */ = {isa = PBXBuildFile; fileRef = 8EF6BAC724410EF100E36EE0 /* SectionRow.swift */; };
/* End PBXBuildFile section */

/* Begin PBXContainerItemProxy section */
		8EDE2EE2243141F800588FCA /* PBXContainerItemProxy */ = {
			isa = PBXContainerItemProxy;
			containerPortal = 8EDE2EC0243141F400588FCA /* Project object */;
			proxyType = 1;
			remoteGlobalIDString = 8EDE2EC7243141F400588FCA;
			remoteInfo = HistoryCards;
		};
		8EDE2EED243141F800588FCA /* PBXContainerItemProxy */ = {
			isa = PBXContainerItemProxy;
			containerPortal = 8EDE2EC0243141F400588FCA /* Project object */;
			proxyType = 1;
			remoteGlobalIDString = 8EDE2EC7243141F400588FCA;
			remoteInfo = HistoryCards;
		};
/* End PBXContainerItemProxy section */

/* Begin PBXFileReference section */
		8E1439E32443AA49003B8D34 /* FrenchRevolution3.plist */ = {isa = PBXFileReference; fileEncoding = 4; lastKnownFileType = text.plist.xml; path = FrenchRevolution3.plist; sourceTree = "<group>"; };
		8E1439EE2444BAF0003B8D34 /* Napoleon's rise to power.plist */ = {isa = PBXFileReference; fileEncoding = 4; lastKnownFileType = text.plist.xml; path = "Napoleon's rise to power.plist"; sourceTree = "<group>"; };
		8E1439F02444BAFA003B8D34 /* Napoleon's conquests.plist */ = {isa = PBXFileReference; fileEncoding = 4; lastKnownFileType = text.plist.xml; path = "Napoleon's conquests.plist"; sourceTree = "<group>"; };
		8E1439F22444BB05003B8D34 /* Napoleon 100 days war.plist */ = {isa = PBXFileReference; fileEncoding = 4; lastKnownFileType = text.plist.xml; path = "Napoleon 100 days war.plist"; sourceTree = "<group>"; };
		8E2572BE243A312A00F52B99 /* Revolutions1.plist */ = {isa = PBXFileReference; fileEncoding = 4; lastKnownFileType = text.plist.xml; path = Revolutions1.plist; sourceTree = "<group>"; };
		8E2572BF243A312A00F52B99 /* Revolutions3.plist */ = {isa = PBXFileReference; fileEncoding = 4; lastKnownFileType = text.plist.xml; path = Revolutions3.plist; sourceTree = "<group>"; };
		8E2572C1243A312A00F52B99 /* Revolutions2.plist */ = {isa = PBXFileReference; fileEncoding = 4; lastKnownFileType = text.plist.xml; path = Revolutions2.plist; sourceTree = "<group>"; };
		8E2572D0243BB99800F52B99 /* Wars4.plist */ = {isa = PBXFileReference; fileEncoding = 4; lastKnownFileType = text.plist.xml; path = Wars4.plist; sourceTree = "<group>"; };
		8E2572D1243BB99800F52B99 /* Wars3.plist */ = {isa = PBXFileReference; fileEncoding = 4; lastKnownFileType = text.plist.xml; path = Wars3.plist; sourceTree = "<group>"; };
		8E2572D2243BB99800F52B99 /* Wars5.plist */ = {isa = PBXFileReference; fileEncoding = 4; lastKnownFileType = text.plist.xml; path = Wars5.plist; sourceTree = "<group>"; };
		8E25732A243BD04100F52B99 /* AmericanCivilWar3.plist */ = {isa = PBXFileReference; fileEncoding = 4; lastKnownFileType = text.plist.xml; path = AmericanCivilWar3.plist; sourceTree = "<group>"; };
		8E257345243E429C00F52B99 /* AmericainRevolution3.plist */ = {isa = PBXFileReference; fileEncoding = 4; lastKnownFileType = text.plist.xml; path = AmericainRevolution3.plist; sourceTree = "<group>"; };
		8E257355243E733500F52B99 /* WW2-3.plist */ = {isa = PBXFileReference; fileEncoding = 4; lastKnownFileType = text.plist.xml; path = "WW2-3.plist"; sourceTree = "<group>"; };
		8E2EA07B245C7D1900E826C8 /* CoinAndPoints.swift */ = {isa = PBXFileReference; lastKnownFileType = sourcecode.swift; path = CoinAndPoints.swift; sourceTree = "<group>"; };
		8E2EA07D245DF5EA00E826C8 /* ProgressBar.swift */ = {isa = PBXFileReference; lastKnownFileType = sourcecode.swift; path = ProgressBar.swift; sourceTree = "<group>"; };
		8E3375292448C9300049467C /* DataView.swift */ = {isa = PBXFileReference; lastKnownFileType = sourcecode.swift; path = DataView.swift; sourceTree = "<group>"; };
		8E674E39244F858C001212B4 /* Eras1.plist */ = {isa = PBXFileReference; fileEncoding = 4; lastKnownFileType = text.plist.xml; path = Eras1.plist; sourceTree = "<group>"; };
		8E674E3B244F8591001212B4 /* Eras2.plist */ = {isa = PBXFileReference; fileEncoding = 4; lastKnownFileType = text.plist.xml; path = Eras2.plist; sourceTree = "<group>"; };
		8E674E3F244F862F001212B4 /* SequenceEras1.plist */ = {isa = PBXFileReference; lastKnownFileType = text.plist; name = SequenceEras1.plist; path = HistoryCards/Plists/Napoleon/SequenceEras1.plist; sourceTree = SOURCE_ROOT; };
		8E674E41244F8669001212B4 /* SequenceEras2.plist */ = {isa = PBXFileReference; lastKnownFileType = text.plist; name = SequenceEras2.plist; path = HistoryCards/Plists/Napoleon/SequenceEras2.plist; sourceTree = SOURCE_ROOT; };
		8E674E43244F86AF001212B4 /* SequenceEras3.plist */ = {isa = PBXFileReference; lastKnownFileType = text.plist; name = SequenceEras3.plist; path = HistoryCards/Plists/Napoleon/SequenceEras3.plist; sourceTree = SOURCE_ROOT; };
		8E674E47244F8923001212B4 /* Eras3.plist */ = {isa = PBXFileReference; fileEncoding = 4; lastKnownFileType = text.plist.xml; path = Eras3.plist; sourceTree = "<group>"; };
		8E674E4B244F98D4001212B4 /* AncientCivilisation1.plist */ = {isa = PBXFileReference; fileEncoding = 4; lastKnownFileType = text.plist.xml; path = AncientCivilisation1.plist; sourceTree = "<group>"; };
		8E674E4D244F98DA001212B4 /* AncientCivilisation2.plist */ = {isa = PBXFileReference; fileEncoding = 4; lastKnownFileType = text.plist.xml; path = AncientCivilisation2.plist; sourceTree = "<group>"; };
		8E674E4F244F98E5001212B4 /* AncientCivilisation3.plist */ = {isa = PBXFileReference; fileEncoding = 4; lastKnownFileType = text.plist.xml; path = AncientCivilisation3.plist; sourceTree = "<group>"; };
		8E674E51244F98EA001212B4 /* AncientCivilisation4.plist */ = {isa = PBXFileReference; fileEncoding = 4; lastKnownFileType = text.plist.xml; path = AncientCivilisation4.plist; sourceTree = "<group>"; };
		8E674E5D2450B769001212B4 /* AmericainRevolution1.plist */ = {isa = PBXFileReference; fileEncoding = 4; lastKnownFileType = text.plist.xml; path = AmericainRevolution1.plist; sourceTree = "<group>"; };
		8E674E5F2450B80E001212B4 /* AmericainRevolution2.plist */ = {isa = PBXFileReference; fileEncoding = 4; lastKnownFileType = text.plist.xml; path = AmericainRevolution2.plist; sourceTree = "<group>"; };
		8E674E632450BE51001212B4 /* SequenceAncientCivilisation1.plist */ = {isa = PBXFileReference; fileEncoding = 4; lastKnownFileType = text.plist.xml; path = SequenceAncientCivilisation1.plist; sourceTree = "<group>"; };
		8E674E652450BE89001212B4 /* SequenceAncientCivilisation2.plist */ = {isa = PBXFileReference; fileEncoding = 4; lastKnownFileType = text.plist.xml; path = SequenceAncientCivilisation2.plist; sourceTree = "<group>"; };
		8E674E672450BEAC001212B4 /* SequenceAncientCivilisation3.plist */ = {isa = PBXFileReference; fileEncoding = 4; lastKnownFileType = text.plist.xml; path = SequenceAncientCivilisation3.plist; sourceTree = "<group>"; };
		8E674E692450BEC1001212B4 /* SequenceAncientCivilisation4.plist */ = {isa = PBXFileReference; fileEncoding = 4; lastKnownFileType = text.plist.xml; path = SequenceAncientCivilisation4.plist; sourceTree = "<group>"; };
		8E674E6B2450BF95001212B4 /* SequenceRevolutions3.plist */ = {isa = PBXFileReference; fileEncoding = 4; lastKnownFileType = text.plist.xml; path = SequenceRevolutions3.plist; sourceTree = "<group>"; };
		8E674E6D2450BFA3001212B4 /* SequenceRevolutions1.plist */ = {isa = PBXFileReference; fileEncoding = 4; lastKnownFileType = text.plist.xml; path = SequenceRevolutions1.plist; sourceTree = "<group>"; };
		8E674E6F2450BFB5001212B4 /* SequenceRevolutions2.plist */ = {isa = PBXFileReference; fileEncoding = 4; lastKnownFileType = text.plist.xml; path = SequenceRevolutions2.plist; sourceTree = "<group>"; };
		8E674E712450C2A1001212B4 /* SequenceAmericainRevolution1.plist */ = {isa = PBXFileReference; fileEncoding = 4; lastKnownFileType = text.plist.xml; path = SequenceAmericainRevolution1.plist; sourceTree = "<group>"; };
		8E674E732450C2C9001212B4 /* SequenceAmericainRevolution2.plist */ = {isa = PBXFileReference; fileEncoding = 4; lastKnownFileType = text.plist.xml; path = SequenceAmericainRevolution2.plist; sourceTree = "<group>"; };
		8E674E752450C2FD001212B4 /* SequenceAmericainRevolution3.plist */ = {isa = PBXFileReference; fileEncoding = 4; lastKnownFileType = text.plist.xml; path = SequenceAmericainRevolution3.plist; sourceTree = "<group>"; };
		8E674E792450CDF7001212B4 /* FrenchRevolution1.plist */ = {isa = PBXFileReference; fileEncoding = 4; lastKnownFileType = text.plist.xml; path = FrenchRevolution1.plist; sourceTree = "<group>"; };
		8E674E7B2450CDFD001212B4 /* FrenchRevolution2.plist */ = {isa = PBXFileReference; fileEncoding = 4; lastKnownFileType = text.plist.xml; path = FrenchRevolution2.plist; sourceTree = "<group>"; };
		8E674E7D2450CE0E001212B4 /* SequenceFrenchRevolution1.plist */ = {isa = PBXFileReference; fileEncoding = 4; lastKnownFileType = text.plist.xml; path = SequenceFrenchRevolution1.plist; sourceTree = "<group>"; };
		8E674E7F2450CE3D001212B4 /* SequenceFrenchRevolution2.plist */ = {isa = PBXFileReference; fileEncoding = 4; lastKnownFileType = text.plist.xml; path = SequenceFrenchRevolution2.plist; sourceTree = "<group>"; };
		8E674E812450CE5F001212B4 /* SequenceFrenchRevolution3.plist */ = {isa = PBXFileReference; fileEncoding = 4; lastKnownFileType = text.plist.xml; path = SequenceFrenchRevolution3.plist; sourceTree = "<group>"; };
		8E674E852450DF00001212B4 /* Wars1.plist */ = {isa = PBXFileReference; fileEncoding = 4; lastKnownFileType = text.plist.xml; path = Wars1.plist; sourceTree = "<group>"; };
		8E674E872450DF08001212B4 /* Wars2.plist */ = {isa = PBXFileReference; fileEncoding = 4; lastKnownFileType = text.plist.xml; path = Wars2.plist; sourceTree = "<group>"; };
		8E674E892450DF2F001212B4 /* SequenceWars1.plist */ = {isa = PBXFileReference; fileEncoding = 4; lastKnownFileType = text.plist.xml; path = SequenceWars1.plist; sourceTree = "<group>"; };
		8E674E8B2450DF4C001212B4 /* SequenceWars2.plist */ = {isa = PBXFileReference; fileEncoding = 4; lastKnownFileType = text.plist.xml; path = SequenceWars2.plist; sourceTree = "<group>"; };
		8E674E8D2450DF5B001212B4 /* SequenceWars3.plist */ = {isa = PBXFileReference; fileEncoding = 4; lastKnownFileType = text.plist.xml; path = SequenceWars3.plist; sourceTree = "<group>"; };
		8E674E8F2450DF6D001212B4 /* SequenceWars4.plist */ = {isa = PBXFileReference; fileEncoding = 4; lastKnownFileType = text.plist.xml; path = SequenceWars4.plist; sourceTree = "<group>"; };
		8E674E912450DF7E001212B4 /* SequenceWars5.plist */ = {isa = PBXFileReference; fileEncoding = 4; lastKnownFileType = text.plist.xml; path = SequenceWars5.plist; sourceTree = "<group>"; };
		8E674E952450EB80001212B4 /* AmericanCivilWar1.plist */ = {isa = PBXFileReference; fileEncoding = 4; lastKnownFileType = text.plist.xml; path = AmericanCivilWar1.plist; sourceTree = "<group>"; };
		8E674E972450EB86001212B4 /* AmericanCivilWar2.plist */ = {isa = PBXFileReference; fileEncoding = 4; lastKnownFileType = text.plist.xml; path = AmericanCivilWar2.plist; sourceTree = "<group>"; };
		8E674E992450EB9F001212B4 /* SequenceAmericainCivilWar1.plist */ = {isa = PBXFileReference; fileEncoding = 4; lastKnownFileType = text.plist.xml; path = SequenceAmericainCivilWar1.plist; sourceTree = "<group>"; };
		8E674E9B2450EBB8001212B4 /* SequenceAmericainCivilWar2.plist */ = {isa = PBXFileReference; fileEncoding = 4; lastKnownFileType = text.plist.xml; path = SequenceAmericainCivilWar2.plist; sourceTree = "<group>"; };
		8E674E9D2450EBC5001212B4 /* SequenceAmericainCivilWar3.plist */ = {isa = PBXFileReference; fileEncoding = 4; lastKnownFileType = text.plist.xml; path = SequenceAmericainCivilWar3.plist; sourceTree = "<group>"; };
		8E674EA12451F790001212B4 /* WW1-1.plist */ = {isa = PBXFileReference; fileEncoding = 4; lastKnownFileType = text.plist.xml; path = "WW1-1.plist"; sourceTree = "<group>"; };
		8E674EA32451F797001212B4 /* WW1-2.plist */ = {isa = PBXFileReference; fileEncoding = 4; lastKnownFileType = text.plist.xml; path = "WW1-2.plist"; sourceTree = "<group>"; };
		8E674EA72451F7F0001212B4 /* SequenceWW1-1.plist */ = {isa = PBXFileReference; fileEncoding = 4; lastKnownFileType = text.plist.xml; path = "SequenceWW1-1.plist"; sourceTree = "<group>"; };
		8E674EA92451F80B001212B4 /* SequenceWW1-2.plist */ = {isa = PBXFileReference; fileEncoding = 4; lastKnownFileType = text.plist.xml; path = "SequenceWW1-2.plist"; sourceTree = "<group>"; };
		8E674EAD24521DE2001212B4 /* WW2-1.plist */ = {isa = PBXFileReference; fileEncoding = 4; lastKnownFileType = text.plist.xml; path = "WW2-1.plist"; sourceTree = "<group>"; };
		8E674EAF24521DEB001212B4 /* WW2-2.plist */ = {isa = PBXFileReference; fileEncoding = 4; lastKnownFileType = text.plist.xml; path = "WW2-2.plist"; sourceTree = "<group>"; };
		8E674EB124521E09001212B4 /* SequenceWW2-1.plist */ = {isa = PBXFileReference; fileEncoding = 4; lastKnownFileType = text.plist.xml; path = "SequenceWW2-1.plist"; sourceTree = "<group>"; };
		8E674EB324521E2F001212B4 /* SequenceWW2-2.plist */ = {isa = PBXFileReference; fileEncoding = 4; lastKnownFileType = text.plist.xml; path = "SequenceWW2-2.plist"; sourceTree = "<group>"; };
		8E674EB524521E45001212B4 /* SequenceWW2-3.plist */ = {isa = PBXFileReference; fileEncoding = 4; lastKnownFileType = text.plist.xml; path = "SequenceWW2-3.plist"; sourceTree = "<group>"; };
		8E674EB9245237C2001212B4 /* SpacePioneers1.plist */ = {isa = PBXFileReference; fileEncoding = 4; lastKnownFileType = text.plist.xml; path = SpacePioneers1.plist; sourceTree = "<group>"; };
		8E674EBB245237CA001212B4 /* SpacePioneers2.plist */ = {isa = PBXFileReference; fileEncoding = 4; lastKnownFileType = text.plist.xml; path = SpacePioneers2.plist; sourceTree = "<group>"; };
		8E674EBD245237E3001212B4 /* SequenceSpacePioneers1.plist */ = {isa = PBXFileReference; fileEncoding = 4; lastKnownFileType = text.plist.xml; path = SequenceSpacePioneers1.plist; sourceTree = "<group>"; };
		8E674EBF2452380E001212B4 /* SequenceSpacePioneers2.plist */ = {isa = PBXFileReference; fileEncoding = 4; lastKnownFileType = text.plist.xml; path = SequenceSpacePioneers2.plist; sourceTree = "<group>"; };
		8E674EC12452382D001212B4 /* SequenceSpacePioneers3.plist */ = {isa = PBXFileReference; fileEncoding = 4; lastKnownFileType = text.plist.xml; path = SequenceSpacePioneers3.plist; sourceTree = "<group>"; };
		8E674EC324523845001212B4 /* SequenceSpacePioneers4.plist */ = {isa = PBXFileReference; fileEncoding = 4; lastKnownFileType = text.plist.xml; path = SequenceSpacePioneers4.plist; sourceTree = "<group>"; };
		8E674EC524560E51001212B4 /* Pine_Apple_Rag.ogg.mp3 */ = {isa = PBXFileReference; lastKnownFileType = audio.mp3; path = Pine_Apple_Rag.ogg.mp3; sourceTree = "<group>"; };
		8EDB8654244A0A0A00C95E5E /* SequenceNapoleon1.plist */ = {isa = PBXFileReference; fileEncoding = 4; lastKnownFileType = text.plist.xml; path = SequenceNapoleon1.plist; sourceTree = "<group>"; };
		8EDB8656244A2C4100C95E5E /* SequenceNapoleon2.plist */ = {isa = PBXFileReference; fileEncoding = 4; lastKnownFileType = text.plist.xml; path = SequenceNapoleon2.plist; sourceTree = "<group>"; };
		8EDB8658244A2DE100C95E5E /* SequenceNapoleon3.plist */ = {isa = PBXFileReference; fileEncoding = 4; lastKnownFileType = text.plist.xml; path = SequenceNapoleon3.plist; sourceTree = "<group>"; };
		8EDB865A244A409500C95E5E /* Accomplishements.swift */ = {isa = PBXFileReference; lastKnownFileType = sourcecode.swift; path = Accomplishements.swift; sourceTree = "<group>"; };
		8EDB865D244B8CD400C95E5E /* UserDataInitialisation.swift */ = {isa = PBXFileReference; lastKnownFileType = sourcecode.swift; path = UserDataInitialisation.swift; sourceTree = "<group>"; };
		8EDE2EC8243141F400588FCA /* HistoryCards.app */ = {isa = PBXFileReference; explicitFileType = wrapper.application; includeInIndex = 0; path = HistoryCards.app; sourceTree = BUILT_PRODUCTS_DIR; };
		8EDE2ECB243141F400588FCA /* AppDelegate.swift */ = {isa = PBXFileReference; lastKnownFileType = sourcecode.swift; path = AppDelegate.swift; sourceTree = "<group>"; };
		8EDE2ECD243141F400588FCA /* SceneDelegate.swift */ = {isa = PBXFileReference; lastKnownFileType = sourcecode.swift; path = SceneDelegate.swift; sourceTree = "<group>"; };
		8EDE2ED0243141F400588FCA /* HistoryCards.xcdatamodel */ = {isa = PBXFileReference; lastKnownFileType = wrapper.xcdatamodel; path = HistoryCards.xcdatamodel; sourceTree = "<group>"; };
		8EDE2ED2243141F400588FCA /* MenuView.swift */ = {isa = PBXFileReference; lastKnownFileType = sourcecode.swift; path = MenuView.swift; sourceTree = "<group>"; };
		8EDE2ED4243141F700588FCA /* Assets.xcassets */ = {isa = PBXFileReference; lastKnownFileType = folder.assetcatalog; path = Assets.xcassets; sourceTree = "<group>"; };
		8EDE2ED7243141F700588FCA /* Preview Assets.xcassets */ = {isa = PBXFileReference; lastKnownFileType = folder.assetcatalog; path = "Preview Assets.xcassets"; sourceTree = "<group>"; };
		8EDE2EDA243141F700588FCA /* Base */ = {isa = PBXFileReference; lastKnownFileType = file.storyboard; name = Base; path = Base.lproj/LaunchScreen.storyboard; sourceTree = "<group>"; };
		8EDE2EDC243141F700588FCA /* Info.plist */ = {isa = PBXFileReference; lastKnownFileType = text.plist.xml; path = Info.plist; sourceTree = "<group>"; };
		8EDE2EE1243141F800588FCA /* HistoryCardsTests.xctest */ = {isa = PBXFileReference; explicitFileType = wrapper.cfbundle; includeInIndex = 0; path = HistoryCardsTests.xctest; sourceTree = BUILT_PRODUCTS_DIR; };
		8EDE2EE5243141F800588FCA /* HistoryCardsTests.swift */ = {isa = PBXFileReference; lastKnownFileType = sourcecode.swift; path = HistoryCardsTests.swift; sourceTree = "<group>"; };
		8EDE2EE7243141F800588FCA /* Info.plist */ = {isa = PBXFileReference; lastKnownFileType = text.plist.xml; path = Info.plist; sourceTree = "<group>"; };
		8EDE2EEC243141F800588FCA /* HistoryCardsUITests.xctest */ = {isa = PBXFileReference; explicitFileType = wrapper.cfbundle; includeInIndex = 0; path = HistoryCardsUITests.xctest; sourceTree = BUILT_PRODUCTS_DIR; };
		8EDE2EF0243141F800588FCA /* HistoryCardsUITests.swift */ = {isa = PBXFileReference; lastKnownFileType = sourcecode.swift; path = HistoryCardsUITests.swift; sourceTree = "<group>"; };
		8EDE2EF2243141F800588FCA /* Info.plist */ = {isa = PBXFileReference; lastKnownFileType = text.plist.xml; path = Info.plist; sourceTree = "<group>"; };
		8EDE2EFF243142EC00588FCA /* Event.swift */ = {isa = PBXFileReference; fileEncoding = 4; lastKnownFileType = sourcecode.swift; path = Event.swift; sourceTree = "<group>"; };
		8EDE2F00243142EC00588FCA /* Card.swift */ = {isa = PBXFileReference; fileEncoding = 4; lastKnownFileType = sourcecode.swift; path = Card.swift; sourceTree = "<group>"; };
		8EDE2F01243142EC00588FCA /* Question.swift */ = {isa = PBXFileReference; fileEncoding = 4; lastKnownFileType = sourcecode.swift; path = Question.swift; sourceTree = "<group>"; };
		8EDE2F02243142EC00588FCA /* Seuquence.swift */ = {isa = PBXFileReference; fileEncoding = 4; lastKnownFileType = sourcecode.swift; path = Seuquence.swift; sourceTree = "<group>"; };
		8EDE2F03243142EC00588FCA /* ContentView.swift */ = {isa = PBXFileReference; fileEncoding = 4; lastKnownFileType = sourcecode.swift; path = ContentView.swift; sourceTree = "<group>"; };
		8EDE2F0A243142FC00588FCA /* QuestionForSeries.swift */ = {isa = PBXFileReference; fileEncoding = 4; lastKnownFileType = sourcecode.swift; path = QuestionForSeries.swift; sourceTree = "<group>"; };
		8EDE2F0B243142FC00588FCA /* TimeLineView.swift */ = {isa = PBXFileReference; fileEncoding = 4; lastKnownFileType = sourcecode.swift; path = TimeLineView.swift; sourceTree = "<group>"; };
		8EDE2F0F2431430700588FCA /* QuizView.swift */ = {isa = PBXFileReference; fileEncoding = 4; lastKnownFileType = sourcecode.swift; path = QuizView.swift; sourceTree = "<group>"; };
		8EDE2F102431430700588FCA /* QuizData.swift */ = {isa = PBXFileReference; fileEncoding = 4; lastKnownFileType = sourcecode.swift; path = QuizData.swift; sourceTree = "<group>"; };
		8EDE2F142431431000588FCA /* QUizDataView.swift */ = {isa = PBXFileReference; fileEncoding = 4; lastKnownFileType = sourcecode.swift; path = QUizDataView.swift; sourceTree = "<group>"; };
		8EDE2F152431431000588FCA /* AllEvents.swift */ = {isa = PBXFileReference; fileEncoding = 4; lastKnownFileType = sourcecode.swift; path = AllEvents.swift; sourceTree = "<group>"; };
		8EDE2F192431431800588FCA /* ScaledFont.swift */ = {isa = PBXFileReference; fileEncoding = 4; lastKnownFileType = sourcecode.swift; path = ScaledFont.swift; sourceTree = "<group>"; };
		8EDE2F1A2431431800588FCA /* FontsAndConstraintsOptions.swift */ = {isa = PBXFileReference; fileEncoding = 4; lastKnownFileType = sourcecode.swift; path = FontsAndConstraintsOptions.swift; sourceTree = "<group>"; };
		8EDE2F1B2431431800588FCA /* ColorRefernece.swift */ = {isa = PBXFileReference; fileEncoding = 4; lastKnownFileType = sourcecode.swift; path = ColorRefernece.swift; sourceTree = "<group>"; };
		8EDE2F1C2431431800588FCA /* Extensions.swift */ = {isa = PBXFileReference; fileEncoding = 4; lastKnownFileType = sourcecode.swift; path = Extensions.swift; sourceTree = "<group>"; };
		8EDE2F1D2431431800588FCA /* ScreenDimension.swift */ = {isa = PBXFileReference; fileEncoding = 4; lastKnownFileType = sourcecode.swift; path = ScreenDimension.swift; sourceTree = "<group>"; };
		8EDE2F242431431F00588FCA /* Error Warning.wav */ = {isa = PBXFileReference; lastKnownFileType = audio.wav; path = "Error Warning.wav"; sourceTree = "<group>"; };
		8EDE2F252431431F00588FCA /* Incoming Text 01.wav */ = {isa = PBXFileReference; lastKnownFileType = audio.wav; path = "Incoming Text 01.wav"; sourceTree = "<group>"; };
		8EDE2F262431431F00588FCA /* music_harp_gliss_up.wav */ = {isa = PBXFileReference; lastKnownFileType = audio.wav; path = music_harp_gliss_up.wav; sourceTree = "<group>"; };
		8EDE2F272431431F00588FCA /* PlaySound.swift */ = {isa = PBXFileReference; fileEncoding = 4; lastKnownFileType = sourcecode.swift; path = PlaySound.swift; sourceTree = "<group>"; };
		8EDE2F282431431F00588FCA /* 404015__paul-sinnett__card.wav */ = {isa = PBXFileReference; lastKnownFileType = audio.wav; path = "404015__paul-sinnett__card.wav"; sourceTree = "<group>"; };
		8EDE2F292431431F00588FCA /* chime_clickbell_octave_up.mp3 */ = {isa = PBXFileReference; lastKnownFileType = audio.mp3; path = chime_clickbell_octave_up.mp3; sourceTree = "<group>"; };
		8EDE2F332431432800588FCA /* InventionsSequence.plist */ = {isa = PBXFileReference; fileEncoding = 4; lastKnownFileType = text.plist.xml; path = InventionsSequence.plist; sourceTree = "<group>"; };
		8EDE2F342431432800588FCA /* InventionsQuiz.plist */ = {isa = PBXFileReference; fileEncoding = 4; lastKnownFileType = text.plist.xml; path = InventionsQuiz.plist; sourceTree = "<group>"; };
		8EDE2F352431432800588FCA /* InventionsCardData.plist */ = {isa = PBXFileReference; fileEncoding = 4; lastKnownFileType = text.plist.xml; path = InventionsCardData.plist; sourceTree = "<group>"; };
		8EDE2F4F2433CF5200588FCA /* NameModel.swift */ = {isa = PBXFileReference; lastKnownFileType = sourcecode.swift; path = NameModel.swift; sourceTree = "<group>"; };
		8EF6BAB0243FA06200E36EE0 /* SpacePioneers3.plist */ = {isa = PBXFileReference; fileEncoding = 4; lastKnownFileType = text.plist.xml; path = SpacePioneers3.plist; sourceTree = "<group>"; };
		8EF6BAB2243FA06200E36EE0 /* SpacePioneers4.plist */ = {isa = PBXFileReference; fileEncoding = 4; lastKnownFileType = text.plist.xml; path = SpacePioneers4.plist; sourceTree = "<group>"; };
		8EF6BAC02440CD3100E36EE0 /* menu.json */ = {isa = PBXFileReference; fileEncoding = 4; lastKnownFileType = text.json; path = menu.json; sourceTree = "<group>"; };
		8EF6BAC22440E25E00E36EE0 /* Helper.swift */ = {isa = PBXFileReference; fileEncoding = 4; lastKnownFileType = sourcecode.swift; path = Helper.swift; sourceTree = "<group>"; };
		8EF6BAC52441088D00E36EE0 /* ItemRowView.swift */ = {isa = PBXFileReference; lastKnownFileType = sourcecode.swift; path = ItemRowView.swift; sourceTree = "<group>"; };
		8EF6BAC724410EF100E36EE0 /* SectionRow.swift */ = {isa = PBXFileReference; lastKnownFileType = sourcecode.swift; path = SectionRow.swift; sourceTree = "<group>"; };
/* End PBXFileReference section */

/* Begin PBXFrameworksBuildPhase section */
		8EDE2EC5243141F400588FCA /* Frameworks */ = {
			isa = PBXFrameworksBuildPhase;
			buildActionMask = 2147483647;
			files = (
			);
			runOnlyForDeploymentPostprocessing = 0;
		};
		8EDE2EDE243141F800588FCA /* Frameworks */ = {
			isa = PBXFrameworksBuildPhase;
			buildActionMask = 2147483647;
			files = (
			);
			runOnlyForDeploymentPostprocessing = 0;
		};
		8EDE2EE9243141F800588FCA /* Frameworks */ = {
			isa = PBXFrameworksBuildPhase;
			buildActionMask = 2147483647;
			files = (
			);
			runOnlyForDeploymentPostprocessing = 0;
		};
/* End PBXFrameworksBuildPhase section */

/* Begin PBXGroup section */
		8E1439E02443AA33003B8D34 /* FrenchRevolution */ = {
			isa = PBXGroup;
			children = (
				8E674E792450CDF7001212B4 /* FrenchRevolution1.plist */,
				8E674E7B2450CDFD001212B4 /* FrenchRevolution2.plist */,
				8E1439E32443AA49003B8D34 /* FrenchRevolution3.plist */,
				8E674E7D2450CE0E001212B4 /* SequenceFrenchRevolution1.plist */,
				8E674E7F2450CE3D001212B4 /* SequenceFrenchRevolution2.plist */,
				8E674E812450CE5F001212B4 /* SequenceFrenchRevolution3.plist */,
			);
			path = FrenchRevolution;
			sourceTree = "<group>";
		};
		8E1439ED2444BADA003B8D34 /* Napoleon */ = {
			isa = PBXGroup;
			children = (
				8E1439EE2444BAF0003B8D34 /* Napoleon's rise to power.plist */,
				8E1439F02444BAFA003B8D34 /* Napoleon's conquests.plist */,
				8E1439F22444BB05003B8D34 /* Napoleon 100 days war.plist */,
				8EDB8654244A0A0A00C95E5E /* SequenceNapoleon1.plist */,
				8EDB8656244A2C4100C95E5E /* SequenceNapoleon2.plist */,
				8EDB8658244A2DE100C95E5E /* SequenceNapoleon3.plist */,
			);
			path = Napoleon;
			sourceTree = "<group>";
		};
		8E2572BC243A311400F52B99 /* Revolutions */ = {
			isa = PBXGroup;
			children = (
				8E2572BF243A312A00F52B99 /* Revolutions3.plist */,
				8E2572BE243A312A00F52B99 /* Revolutions1.plist */,
				8E2572C1243A312A00F52B99 /* Revolutions2.plist */,
				8E674E6D2450BFA3001212B4 /* SequenceRevolutions1.plist */,
				8E674E6F2450BFB5001212B4 /* SequenceRevolutions2.plist */,
				8E674E6B2450BF95001212B4 /* SequenceRevolutions3.plist */,
			);
			path = Revolutions;
			sourceTree = "<group>";
		};
		8E2572CD243B86AF00F52B99 /* Erass */ = {
			isa = PBXGroup;
			children = (
				8E674E39244F858C001212B4 /* Eras1.plist */,
				8E674E3B244F8591001212B4 /* Eras2.plist */,
				8E674E47244F8923001212B4 /* Eras3.plist */,
				8E674E3F244F862F001212B4 /* SequenceEras1.plist */,
				8E674E41244F8669001212B4 /* SequenceEras2.plist */,
				8E674E43244F86AF001212B4 /* SequenceEras3.plist */,
			);
			path = Erass;
			sourceTree = "<group>";
		};
		8E2572CE243BB98200F52B99 /* Wars */ = {
			isa = PBXGroup;
			children = (
				8E674E852450DF00001212B4 /* Wars1.plist */,
				8E674E872450DF08001212B4 /* Wars2.plist */,
				8E2572D1243BB99800F52B99 /* Wars3.plist */,
				8E2572D0243BB99800F52B99 /* Wars4.plist */,
				8E2572D2243BB99800F52B99 /* Wars5.plist */,
				8E674E892450DF2F001212B4 /* SequenceWars1.plist */,
				8E674E8B2450DF4C001212B4 /* SequenceWars2.plist */,
				8E674E8D2450DF5B001212B4 /* SequenceWars3.plist */,
				8E674E8F2450DF6D001212B4 /* SequenceWars4.plist */,
				8E674E912450DF7E001212B4 /* SequenceWars5.plist */,
			);
			path = Wars;
			sourceTree = "<group>";
		};
		8E257334243CD3C100F52B99 /* Ancient Civilisations */ = {
			isa = PBXGroup;
			children = (
				8E674E4B244F98D4001212B4 /* AncientCivilisation1.plist */,
				8E674E4D244F98DA001212B4 /* AncientCivilisation2.plist */,
				8E674E4F244F98E5001212B4 /* AncientCivilisation3.plist */,
				8E674E51244F98EA001212B4 /* AncientCivilisation4.plist */,
				8E674E692450BEC1001212B4 /* SequenceAncientCivilisation4.plist */,
				8E674E672450BEAC001212B4 /* SequenceAncientCivilisation3.plist */,
				8E674E652450BE89001212B4 /* SequenceAncientCivilisation2.plist */,
				8E674E632450BE51001212B4 /* SequenceAncientCivilisation1.plist */,
			);
			path = "Ancient Civilisations";
			sourceTree = "<group>";
		};
		8EDB865C244B72AB00C95E5E /* AmericainRevolution */ = {
			isa = PBXGroup;
			children = (
				8E257345243E429C00F52B99 /* AmericainRevolution3.plist */,
				8E674E5D2450B769001212B4 /* AmericainRevolution1.plist */,
				8E674E5F2450B80E001212B4 /* AmericainRevolution2.plist */,
				8E674E732450C2C9001212B4 /* SequenceAmericainRevolution2.plist */,
				8E674E712450C2A1001212B4 /* SequenceAmericainRevolution1.plist */,
				8E674E752450C2FD001212B4 /* SequenceAmericainRevolution3.plist */,
			);
			path = AmericainRevolution;
			sourceTree = "<group>";
		};
		8EDE2EBF243141F400588FCA = {
			isa = PBXGroup;
			children = (
				8EDE2ECA243141F400588FCA /* HistoryCards */,
				8EDE2EE4243141F800588FCA /* HistoryCardsTests */,
				8EDE2EEF243141F800588FCA /* HistoryCardsUITests */,
				8EDE2EC9243141F400588FCA /* Products */,
			);
			sourceTree = "<group>";
		};
		8EDE2EC9243141F400588FCA /* Products */ = {
			isa = PBXGroup;
			children = (
				8EDE2EC8243141F400588FCA /* HistoryCards.app */,
				8EDE2EE1243141F800588FCA /* HistoryCardsTests.xctest */,
				8EDE2EEC243141F800588FCA /* HistoryCardsUITests.xctest */,
			);
			name = Products;
			sourceTree = "<group>";
		};
		8EDE2ECA243141F400588FCA /* HistoryCards */ = {
			isa = PBXGroup;
			children = (
				8EDE2ECB243141F400588FCA /* AppDelegate.swift */,
				8EDE2ECD243141F400588FCA /* SceneDelegate.swift */,
				8EDE2F4F2433CF5200588FCA /* NameModel.swift */,
				8EDB865A244A409500C95E5E /* Accomplishements.swift */,
				8EDB865D244B8CD400C95E5E /* UserDataInitialisation.swift */,
				8E2EA07B245C7D1900E826C8 /* CoinAndPoints.swift */,
				8EF6BAC42441086A00E36EE0 /* Menu */,
				8EDE2EFE243142EC00588FCA /* ContentView */,
				8EDE2F09243142FC00588FCA /* TimeLineView */,
				8EDE2F0E2431430700588FCA /* QuizView */,
				8EDE2F132431431000588FCA /* QuizDataView */,
				8EDE2F182431431800588FCA /* Format */,
				8EDE2F232431431F00588FCA /* sounds */,
				8EDE2F302431432800588FCA /* Plists */,
				8EDE2ED4243141F700588FCA /* Assets.xcassets */,
				8EDE2ED9243141F700588FCA /* LaunchScreen.storyboard */,
				8EDE2EDC243141F700588FCA /* Info.plist */,
				8EDE2ECF243141F400588FCA /* HistoryCards.xcdatamodeld */,
				8EDE2ED6243141F700588FCA /* Preview Content */,
			);
			path = HistoryCards;
			sourceTree = "<group>";
		};
		8EDE2ED6243141F700588FCA /* Preview Content */ = {
			isa = PBXGroup;
			children = (
				8EDE2ED7243141F700588FCA /* Preview Assets.xcassets */,
			);
			path = "Preview Content";
			sourceTree = "<group>";
		};
		8EDE2EE4243141F800588FCA /* HistoryCardsTests */ = {
			isa = PBXGroup;
			children = (
				8EDE2EE5243141F800588FCA /* HistoryCardsTests.swift */,
				8EDE2EE7243141F800588FCA /* Info.plist */,
			);
			path = HistoryCardsTests;
			sourceTree = "<group>";
		};
		8EDE2EEF243141F800588FCA /* HistoryCardsUITests */ = {
			isa = PBXGroup;
			children = (
				8EDE2EF0243141F800588FCA /* HistoryCardsUITests.swift */,
				8EDE2EF2243141F800588FCA /* Info.plist */,
			);
			path = HistoryCardsUITests;
			sourceTree = "<group>";
		};
		8EDE2EFE243142EC00588FCA /* ContentView */ = {
			isa = PBXGroup;
			children = (
				8EDE2F03243142EC00588FCA /* ContentView.swift */,
				8E3375292448C9300049467C /* DataView.swift */,
				8EDE2F00243142EC00588FCA /* Card.swift */,
				8EDE2EFF243142EC00588FCA /* Event.swift */,
				8EDE2F01243142EC00588FCA /* Question.swift */,
				8EDE2F02243142EC00588FCA /* Seuquence.swift */,
			);
			path = ContentView;
			sourceTree = "<group>";
		};
		8EDE2F09243142FC00588FCA /* TimeLineView */ = {
			isa = PBXGroup;
			children = (
				8EDE2F0B243142FC00588FCA /* TimeLineView.swift */,
				8EDE2F0A243142FC00588FCA /* QuestionForSeries.swift */,
			);
			path = TimeLineView;
			sourceTree = "<group>";
		};
		8EDE2F0E2431430700588FCA /* QuizView */ = {
			isa = PBXGroup;
			children = (
				8EDE2F0F2431430700588FCA /* QuizView.swift */,
				8EDE2F102431430700588FCA /* QuizData.swift */,
				8E2EA07D245DF5EA00E826C8 /* ProgressBar.swift */,
			);
			path = QuizView;
			sourceTree = "<group>";
		};
		8EDE2F132431431000588FCA /* QuizDataView */ = {
			isa = PBXGroup;
			children = (
				8EDE2F142431431000588FCA /* QUizDataView.swift */,
				8EDE2F152431431000588FCA /* AllEvents.swift */,
			);
			path = QuizDataView;
			sourceTree = "<group>";
		};
		8EDE2F182431431800588FCA /* Format */ = {
			isa = PBXGroup;
			children = (
				8EDE2F192431431800588FCA /* ScaledFont.swift */,
				8EDE2F1A2431431800588FCA /* FontsAndConstraintsOptions.swift */,
				8EDE2F1B2431431800588FCA /* ColorRefernece.swift */,
				8EDE2F1C2431431800588FCA /* Extensions.swift */,
				8EDE2F1D2431431800588FCA /* ScreenDimension.swift */,
			);
			path = Format;
			sourceTree = "<group>";
		};
		8EDE2F232431431F00588FCA /* sounds */ = {
			isa = PBXGroup;
			children = (
				8EDE2F242431431F00588FCA /* Error Warning.wav */,
				8EDE2F252431431F00588FCA /* Incoming Text 01.wav */,
				8EDE2F262431431F00588FCA /* music_harp_gliss_up.wav */,
				8EDE2F272431431F00588FCA /* PlaySound.swift */,
				8E674EC524560E51001212B4 /* Pine_Apple_Rag.ogg.mp3 */,
				8EDE2F282431431F00588FCA /* 404015__paul-sinnett__card.wav */,
				8EDE2F292431431F00588FCA /* chime_clickbell_octave_up.mp3 */,
			);
			path = sounds;
			sourceTree = "<group>";
		};
		8EDE2F302431432800588FCA /* Plists */ = {
			isa = PBXGroup;
			children = (
				8EF6BAC02440CD3100E36EE0 /* menu.json */,
				8EF6BAC22440E25E00E36EE0 /* Helper.swift */,
				8E2572CD243B86AF00F52B99 /* Erass */,
				8E257334243CD3C100F52B99 /* Ancient Civilisations */,
				8E2572BC243A311400F52B99 /* Revolutions */,
				8EDB865C244B72AB00C95E5E /* AmericainRevolution */,
				8E1439E02443AA33003B8D34 /* FrenchRevolution */,
				8E2572CE243BB98200F52B99 /* Wars */,
				8E1439ED2444BADA003B8D34 /* Napoleon */,
				8EF6BABE243FABA100E36EE0 /* AmericainCivilwar */,
				8EF6BABD243FAB6900E36EE0 /* WW-1 */,
				8EF6BABC243FAB5500E36EE0 /* WW-2 */,
				8EF6BABF243FAF7A00E36EE0 /* SpacePioneers */,
				8EDE2F332431432800588FCA /* InventionsSequence.plist */,
				8EDE2F342431432800588FCA /* InventionsQuiz.plist */,
				8EDE2F352431432800588FCA /* InventionsCardData.plist */,
			);
			path = Plists;
			sourceTree = "<group>";
		};
		8EF6BABC243FAB5500E36EE0 /* WW-2 */ = {
			isa = PBXGroup;
			children = (
				8E674EAD24521DE2001212B4 /* WW2-1.plist */,
				8E674EAF24521DEB001212B4 /* WW2-2.plist */,
				8E257355243E733500F52B99 /* WW2-3.plist */,
				8E674EB124521E09001212B4 /* SequenceWW2-1.plist */,
				8E674EB324521E2F001212B4 /* SequenceWW2-2.plist */,
				8E674EB524521E45001212B4 /* SequenceWW2-3.plist */,
			);
			path = "WW-2";
			sourceTree = "<group>";
		};
		8EF6BABD243FAB6900E36EE0 /* WW-1 */ = {
			isa = PBXGroup;
			children = (
				8E674EA12451F790001212B4 /* WW1-1.plist */,
				8E674EA32451F797001212B4 /* WW1-2.plist */,
				8E674EA72451F7F0001212B4 /* SequenceWW1-1.plist */,
				8E674EA92451F80B001212B4 /* SequenceWW1-2.plist */,
			);
			path = "WW-1";
			sourceTree = "<group>";
		};
		8EF6BABE243FABA100E36EE0 /* AmericainCivilwar */ = {
			isa = PBXGroup;
			children = (
				8E674E952450EB80001212B4 /* AmericanCivilWar1.plist */,
				8E674E972450EB86001212B4 /* AmericanCivilWar2.plist */,
				8E25732A243BD04100F52B99 /* AmericanCivilWar3.plist */,
				8E674E992450EB9F001212B4 /* SequenceAmericainCivilWar1.plist */,
				8E674E9B2450EBB8001212B4 /* SequenceAmericainCivilWar2.plist */,
				8E674E9D2450EBC5001212B4 /* SequenceAmericainCivilWar3.plist */,
			);
			path = AmericainCivilwar;
			sourceTree = "<group>";
		};
		8EF6BABF243FAF7A00E36EE0 /* SpacePioneers */ = {
			isa = PBXGroup;
			children = (
				8E674EB9245237C2001212B4 /* SpacePioneers1.plist */,
				8E674EBB245237CA001212B4 /* SpacePioneers2.plist */,
				8EF6BAB0243FA06200E36EE0 /* SpacePioneers3.plist */,
				8EF6BAB2243FA06200E36EE0 /* SpacePioneers4.plist */,
				8E674EBD245237E3001212B4 /* SequenceSpacePioneers1.plist */,
				8E674EBF2452380E001212B4 /* SequenceSpacePioneers2.plist */,
				8E674EC12452382D001212B4 /* SequenceSpacePioneers3.plist */,
				8E674EC324523845001212B4 /* SequenceSpacePioneers4.plist */,
			);
			path = SpacePioneers;
			sourceTree = "<group>";
		};
		8EF6BAC42441086A00E36EE0 /* Menu */ = {
			isa = PBXGroup;
			children = (
				8EDE2ED2243141F400588FCA /* MenuView.swift */,
				8EF6BAC52441088D00E36EE0 /* ItemRowView.swift */,
				8EF6BAC724410EF100E36EE0 /* SectionRow.swift */,
			);
			path = Menu;
			sourceTree = "<group>";
		};
/* End PBXGroup section */

/* Begin PBXNativeTarget section */
		8EDE2EC7243141F400588FCA /* HistoryCards */ = {
			isa = PBXNativeTarget;
			buildConfigurationList = 8EDE2EF5243141F800588FCA /* Build configuration list for PBXNativeTarget "HistoryCards" */;
			buildPhases = (
				8EDE2EC4243141F400588FCA /* Sources */,
				8EDE2EC5243141F400588FCA /* Frameworks */,
				8EDE2EC6243141F400588FCA /* Resources */,
			);
			buildRules = (
			);
			dependencies = (
			);
			name = HistoryCards;
			productName = HistoryCards;
			productReference = 8EDE2EC8243141F400588FCA /* HistoryCards.app */;
			productType = "com.apple.product-type.application";
		};
		8EDE2EE0243141F800588FCA /* HistoryCardsTests */ = {
			isa = PBXNativeTarget;
			buildConfigurationList = 8EDE2EF8243141F800588FCA /* Build configuration list for PBXNativeTarget "HistoryCardsTests" */;
			buildPhases = (
				8EDE2EDD243141F800588FCA /* Sources */,
				8EDE2EDE243141F800588FCA /* Frameworks */,
				8EDE2EDF243141F800588FCA /* Resources */,
			);
			buildRules = (
			);
			dependencies = (
				8EDE2EE3243141F800588FCA /* PBXTargetDependency */,
			);
			name = HistoryCardsTests;
			productName = HistoryCardsTests;
			productReference = 8EDE2EE1243141F800588FCA /* HistoryCardsTests.xctest */;
			productType = "com.apple.product-type.bundle.unit-test";
		};
		8EDE2EEB243141F800588FCA /* HistoryCardsUITests */ = {
			isa = PBXNativeTarget;
			buildConfigurationList = 8EDE2EFB243141F800588FCA /* Build configuration list for PBXNativeTarget "HistoryCardsUITests" */;
			buildPhases = (
				8EDE2EE8243141F800588FCA /* Sources */,
				8EDE2EE9243141F800588FCA /* Frameworks */,
				8EDE2EEA243141F800588FCA /* Resources */,
			);
			buildRules = (
			);
			dependencies = (
				8EDE2EEE243141F800588FCA /* PBXTargetDependency */,
			);
			name = HistoryCardsUITests;
			productName = HistoryCardsUITests;
			productReference = 8EDE2EEC243141F800588FCA /* HistoryCardsUITests.xctest */;
			productType = "com.apple.product-type.bundle.ui-testing";
		};
/* End PBXNativeTarget section */

/* Begin PBXProject section */
		8EDE2EC0243141F400588FCA /* Project object */ = {
			isa = PBXProject;
			attributes = {
				LastSwiftUpdateCheck = 1140;
				LastUpgradeCheck = 1140;
				ORGANIZATIONNAME = "Normand Martin";
				TargetAttributes = {
					8EDE2EC7243141F400588FCA = {
						CreatedOnToolsVersion = 11.4;
					};
					8EDE2EE0243141F800588FCA = {
						CreatedOnToolsVersion = 11.4;
						TestTargetID = 8EDE2EC7243141F400588FCA;
					};
					8EDE2EEB243141F800588FCA = {
						CreatedOnToolsVersion = 11.4;
						TestTargetID = 8EDE2EC7243141F400588FCA;
					};
				};
			};
			buildConfigurationList = 8EDE2EC3243141F400588FCA /* Build configuration list for PBXProject "HistoryCards" */;
			compatibilityVersion = "Xcode 9.3";
			developmentRegion = en;
			hasScannedForEncodings = 0;
			knownRegions = (
				en,
				Base,
			);
			mainGroup = 8EDE2EBF243141F400588FCA;
			productRefGroup = 8EDE2EC9243141F400588FCA /* Products */;
			projectDirPath = "";
			projectRoot = "";
			targets = (
				8EDE2EC7243141F400588FCA /* HistoryCards */,
				8EDE2EE0243141F800588FCA /* HistoryCardsTests */,
				8EDE2EEB243141F800588FCA /* HistoryCardsUITests */,
			);
		};
/* End PBXProject section */

/* Begin PBXResourcesBuildPhase section */
		8EDE2EC6243141F400588FCA /* Resources */ = {
			isa = PBXResourcesBuildPhase;
			buildActionMask = 2147483647;
			files = (
				8E674EB424521E2F001212B4 /* SequenceWW2-2.plist in Resources */,
				8E1439EF2444BAF0003B8D34 /* Napoleon's rise to power.plist in Resources */,
				8E1439F32444BB05003B8D34 /* Napoleon 100 days war.plist in Resources */,
				8E674EB224521E09001212B4 /* SequenceWW2-1.plist in Resources */,
				8E25732B243BD04100F52B99 /* AmericanCivilWar3.plist in Resources */,
				8E674EC624560E51001212B4 /* Pine_Apple_Rag.ogg.mp3 in Resources */,
				8EF6BAB5243FA06200E36EE0 /* SpacePioneers4.plist in Resources */,
				8E674E3A244F858C001212B4 /* Eras1.plist in Resources */,
				8E674EBE245237E3001212B4 /* SequenceSpacePioneers1.plist in Resources */,
				8E674E4E244F98DA001212B4 /* AncientCivilisation2.plist in Resources */,
				8E674EBA245237C2001212B4 /* SpacePioneers1.plist in Resources */,
				8E2572C6243A312B00F52B99 /* Revolutions3.plist in Resources */,
				8E2572C8243A312B00F52B99 /* Revolutions2.plist in Resources */,
				8E674E50244F98E5001212B4 /* AncientCivilisation3.plist in Resources */,
				8E674E7C2450CDFD001212B4 /* FrenchRevolution2.plist in Resources */,
				8E674EAA2451F80B001212B4 /* SequenceWW1-2.plist in Resources */,
				8E674EB624521E45001212B4 /* SequenceWW2-3.plist in Resources */,
				8EDE2F392431432800588FCA /* InventionsQuiz.plist in Resources */,
				8E2572D6243BB99800F52B99 /* Wars5.plist in Resources */,
				8E1439E42443AA49003B8D34 /* FrenchRevolution3.plist in Resources */,
				8E674E9C2450EBB8001212B4 /* SequenceAmericainCivilWar2.plist in Resources */,
				8EF6BAC12440CD3100E36EE0 /* menu.json in Resources */,
				8EDB8657244A2C4200C95E5E /* SequenceNapoleon2.plist in Resources */,
				8EDE2F2E2431431F00588FCA /* 404015__paul-sinnett__card.wav in Resources */,
				8E674E682450BEAC001212B4 /* SequenceAncientCivilisation3.plist in Resources */,
				8E674E7E2450CE0E001212B4 /* SequenceFrenchRevolution1.plist in Resources */,
				8E674E6E2450BFA3001212B4 /* SequenceRevolutions1.plist in Resources */,
				8E674E802450CE3D001212B4 /* SequenceFrenchRevolution2.plist in Resources */,
				8E674EAE24521DE2001212B4 /* WW2-1.plist in Resources */,
				8E674EA22451F790001212B4 /* WW1-1.plist in Resources */,
				8E257356243E733500F52B99 /* WW2-3.plist in Resources */,
				8E674E8E2450DF5C001212B4 /* SequenceWars3.plist in Resources */,
				8E674EC22452382D001212B4 /* SequenceSpacePioneers3.plist in Resources */,
				8E674E40244F862F001212B4 /* SequenceEras1.plist in Resources */,
				8E674E42244F8669001212B4 /* SequenceEras2.plist in Resources */,
				8E674EA82451F7F0001212B4 /* SequenceWW1-1.plist in Resources */,
				8EDE2EDB243141F700588FCA /* LaunchScreen.storyboard in Resources */,
				8E674E642450BE51001212B4 /* SequenceAncientCivilisation1.plist in Resources */,
				8EDE2F2F2431431F00588FCA /* chime_clickbell_octave_up.mp3 in Resources */,
				8EDE2F2A2431431F00588FCA /* Error Warning.wav in Resources */,
				8E674E902450DF6D001212B4 /* SequenceWars4.plist in Resources */,
				8EF6BAB3243FA06200E36EE0 /* SpacePioneers3.plist in Resources */,
				8E674E7A2450CDF7001212B4 /* FrenchRevolution1.plist in Resources */,
				8EDB8655244A0A0A00C95E5E /* SequenceNapoleon1.plist in Resources */,
				8E674E4C244F98D4001212B4 /* AncientCivilisation1.plist in Resources */,
				8E674E822450CE5F001212B4 /* SequenceFrenchRevolution3.plist in Resources */,
				8E674E3C244F8591001212B4 /* Eras2.plist in Resources */,
				8EDE2ED8243141F700588FCA /* Preview Assets.xcassets in Resources */,
				8E674EBC245237CB001212B4 /* SpacePioneers2.plist in Resources */,
				8E674E882450DF08001212B4 /* Wars2.plist in Resources */,
				8E674EC02452380E001212B4 /* SequenceSpacePioneers2.plist in Resources */,
				8E674E52244F98EA001212B4 /* AncientCivilisation4.plist in Resources */,
				8E1439F12444BAFA003B8D34 /* Napoleon's conquests.plist in Resources */,
				8E2572D4243BB99800F52B99 /* Wars4.plist in Resources */,
				8E674E702450BFB5001212B4 /* SequenceRevolutions2.plist in Resources */,
				8E674E602450B80E001212B4 /* AmericainRevolution2.plist in Resources */,
				8E674EA42451F797001212B4 /* WW1-2.plist in Resources */,
				8E674E742450C2CA001212B4 /* SequenceAmericainRevolution2.plist in Resources */,
				8E674E962450EB80001212B4 /* AmericanCivilWar1.plist in Resources */,
				8EDE2F2B2431431F00588FCA /* Incoming Text 01.wav in Resources */,
				8E674EB024521DEB001212B4 /* WW2-2.plist in Resources */,
				8E674E762450C2FD001212B4 /* SequenceAmericainRevolution3.plist in Resources */,
				8E2572D5243BB99800F52B99 /* Wars3.plist in Resources */,
				8EDE2F382431432800588FCA /* InventionsSequence.plist in Resources */,
				8E674E44244F86B0001212B4 /* SequenceEras3.plist in Resources */,
				8E674E982450EB86001212B4 /* AmericanCivilWar2.plist in Resources */,
				8E674E9E2450EBC5001212B4 /* SequenceAmericainCivilWar3.plist in Resources */,
				8E674E862450DF01001212B4 /* Wars1.plist in Resources */,
				8E674E5E2450B769001212B4 /* AmericainRevolution1.plist in Resources */,
				8E674E8A2450DF2F001212B4 /* SequenceWars1.plist in Resources */,
				8E2572C5243A312B00F52B99 /* Revolutions1.plist in Resources */,
				8EDE2ED5243141F700588FCA /* Assets.xcassets in Resources */,
				8E674E9A2450EB9F001212B4 /* SequenceAmericainCivilWar1.plist in Resources */,
				8E674E922450DF7E001212B4 /* SequenceWars5.plist in Resources */,
				8E674EC424523845001212B4 /* SequenceSpacePioneers4.plist in Resources */,
				8E674E722450C2A1001212B4 /* SequenceAmericainRevolution1.plist in Resources */,
				8EDE2F2C2431431F00588FCA /* music_harp_gliss_up.wav in Resources */,
				8E674E8C2450DF4C001212B4 /* SequenceWars2.plist in Resources */,
				8E257346243E429C00F52B99 /* AmericainRevolution3.plist in Resources */,
				8E674E6A2450BEC1001212B4 /* SequenceAncientCivilisation4.plist in Resources */,
				8EDE2F3A2431432800588FCA /* InventionsCardData.plist in Resources */,
				8E674E662450BE89001212B4 /* SequenceAncientCivilisation2.plist in Resources */,
				8E674E6C2450BF95001212B4 /* SequenceRevolutions3.plist in Resources */,
				8E674E48244F8923001212B4 /* Eras3.plist in Resources */,
				8EDB8659244A2DE100C95E5E /* SequenceNapoleon3.plist in Resources */,
			);
			runOnlyForDeploymentPostprocessing = 0;
		};
		8EDE2EDF243141F800588FCA /* Resources */ = {
			isa = PBXResourcesBuildPhase;
			buildActionMask = 2147483647;
			files = (
			);
			runOnlyForDeploymentPostprocessing = 0;
		};
		8EDE2EEA243141F800588FCA /* Resources */ = {
			isa = PBXResourcesBuildPhase;
			buildActionMask = 2147483647;
			files = (
			);
			runOnlyForDeploymentPostprocessing = 0;
		};
/* End PBXResourcesBuildPhase section */

/* Begin PBXSourcesBuildPhase section */
		8EDE2EC4243141F400588FCA /* Sources */ = {
			isa = PBXSourcesBuildPhase;
			buildActionMask = 2147483647;
			files = (
				8EDE2F0D243142FC00588FCA /* TimeLineView.swift in Sources */,
				8EDE2F2D2431431F00588FCA /* PlaySound.swift in Sources */,
				8EDB865B244A409500C95E5E /* Accomplishements.swift in Sources */,
				8EDE2F0C243142FC00588FCA /* QuestionForSeries.swift in Sources */,
				8EF6BAC824410EF100E36EE0 /* SectionRow.swift in Sources */,
				8EDE2F07243142EC00588FCA /* Seuquence.swift in Sources */,
				8E2EA07C245C7D1900E826C8 /* CoinAndPoints.swift in Sources */,
				8EDE2F1F2431431800588FCA /* FontsAndConstraintsOptions.swift in Sources */,
				8EDE2ECC243141F400588FCA /* AppDelegate.swift in Sources */,
				8EDE2F172431431000588FCA /* AllEvents.swift in Sources */,
				8EDB865E244B8CD400C95E5E /* UserDataInitialisation.swift in Sources */,
				8E33752A2448C9300049467C /* DataView.swift in Sources */,
				8EDE2F05243142EC00588FCA /* Card.swift in Sources */,
				8EDE2F212431431800588FCA /* Extensions.swift in Sources */,
				8EDE2F112431430700588FCA /* QuizView.swift in Sources */,
				8EDE2ED1243141F400588FCA /* HistoryCards.xcdatamodeld in Sources */,
				8EDE2F122431430700588FCA /* QuizData.swift in Sources */,
				8EDE2ED3243141F400588FCA /* MenuView.swift in Sources */,
				8EF6BAC62441088D00E36EE0 /* ItemRowView.swift in Sources */,
				8EDE2F502433CF5200588FCA /* NameModel.swift in Sources */,
				8EDE2F162431431000588FCA /* QUizDataView.swift in Sources */,
				8EDE2F08243142EC00588FCA /* ContentView.swift in Sources */,
				8EDE2F202431431800588FCA /* ColorRefernece.swift in Sources */,
				8EDE2ECE243141F400588FCA /* SceneDelegate.swift in Sources */,
				8EDE2F06243142EC00588FCA /* Question.swift in Sources */,
				8EDE2F1E2431431800588FCA /* ScaledFont.swift in Sources */,
				8EDE2F222431431800588FCA /* ScreenDimension.swift in Sources */,
				8EDE2F04243142EC00588FCA /* Event.swift in Sources */,
				8E2EA07E245DF5EA00E826C8 /* ProgressBar.swift in Sources */,
				8EF6BAC32440E25E00E36EE0 /* Helper.swift in Sources */,
			);
			runOnlyForDeploymentPostprocessing = 0;
		};
		8EDE2EDD243141F800588FCA /* Sources */ = {
			isa = PBXSourcesBuildPhase;
			buildActionMask = 2147483647;
			files = (
				8EDE2EE6243141F800588FCA /* HistoryCardsTests.swift in Sources */,
			);
			runOnlyForDeploymentPostprocessing = 0;
		};
		8EDE2EE8243141F800588FCA /* Sources */ = {
			isa = PBXSourcesBuildPhase;
			buildActionMask = 2147483647;
			files = (
				8EDE2EF1243141F800588FCA /* HistoryCardsUITests.swift in Sources */,
			);
			runOnlyForDeploymentPostprocessing = 0;
		};
/* End PBXSourcesBuildPhase section */

/* Begin PBXTargetDependency section */
		8EDE2EE3243141F800588FCA /* PBXTargetDependency */ = {
			isa = PBXTargetDependency;
			target = 8EDE2EC7243141F400588FCA /* HistoryCards */;
			targetProxy = 8EDE2EE2243141F800588FCA /* PBXContainerItemProxy */;
		};
		8EDE2EEE243141F800588FCA /* PBXTargetDependency */ = {
			isa = PBXTargetDependency;
			target = 8EDE2EC7243141F400588FCA /* HistoryCards */;
			targetProxy = 8EDE2EED243141F800588FCA /* PBXContainerItemProxy */;
		};
/* End PBXTargetDependency section */

/* Begin PBXVariantGroup section */
		8EDE2ED9243141F700588FCA /* LaunchScreen.storyboard */ = {
			isa = PBXVariantGroup;
			children = (
				8EDE2EDA243141F700588FCA /* Base */,
			);
			name = LaunchScreen.storyboard;
			sourceTree = "<group>";
		};
/* End PBXVariantGroup section */

/* Begin XCBuildConfiguration section */
		8EDE2EF3243141F800588FCA /* Debug */ = {
			isa = XCBuildConfiguration;
			buildSettings = {
				ALWAYS_SEARCH_USER_PATHS = NO;
				CLANG_ANALYZER_NONNULL = YES;
				CLANG_ANALYZER_NUMBER_OBJECT_CONVERSION = YES_AGGRESSIVE;
				CLANG_CXX_LANGUAGE_STANDARD = "gnu++14";
				CLANG_CXX_LIBRARY = "libc++";
				CLANG_ENABLE_MODULES = YES;
				CLANG_ENABLE_OBJC_ARC = YES;
				CLANG_ENABLE_OBJC_WEAK = YES;
				CLANG_WARN_BLOCK_CAPTURE_AUTORELEASING = YES;
				CLANG_WARN_BOOL_CONVERSION = YES;
				CLANG_WARN_COMMA = YES;
				CLANG_WARN_CONSTANT_CONVERSION = YES;
				CLANG_WARN_DEPRECATED_OBJC_IMPLEMENTATIONS = YES;
				CLANG_WARN_DIRECT_OBJC_ISA_USAGE = YES_ERROR;
				CLANG_WARN_DOCUMENTATION_COMMENTS = YES;
				CLANG_WARN_EMPTY_BODY = YES;
				CLANG_WARN_ENUM_CONVERSION = YES;
				CLANG_WARN_INFINITE_RECURSION = YES;
				CLANG_WARN_INT_CONVERSION = YES;
				CLANG_WARN_NON_LITERAL_NULL_CONVERSION = YES;
				CLANG_WARN_OBJC_IMPLICIT_RETAIN_SELF = YES;
				CLANG_WARN_OBJC_LITERAL_CONVERSION = YES;
				CLANG_WARN_OBJC_ROOT_CLASS = YES_ERROR;
				CLANG_WARN_RANGE_LOOP_ANALYSIS = YES;
				CLANG_WARN_STRICT_PROTOTYPES = YES;
				CLANG_WARN_SUSPICIOUS_MOVE = YES;
				CLANG_WARN_UNGUARDED_AVAILABILITY = YES_AGGRESSIVE;
				CLANG_WARN_UNREACHABLE_CODE = YES;
				CLANG_WARN__DUPLICATE_METHOD_MATCH = YES;
				COPY_PHASE_STRIP = NO;
				DEBUG_INFORMATION_FORMAT = dwarf;
				ENABLE_STRICT_OBJC_MSGSEND = YES;
				ENABLE_TESTABILITY = YES;
				GCC_C_LANGUAGE_STANDARD = gnu11;
				GCC_DYNAMIC_NO_PIC = NO;
				GCC_NO_COMMON_BLOCKS = YES;
				GCC_OPTIMIZATION_LEVEL = 0;
				GCC_PREPROCESSOR_DEFINITIONS = (
					"DEBUG=1",
					"$(inherited)",
				);
				GCC_WARN_64_TO_32_BIT_CONVERSION = YES;
				GCC_WARN_ABOUT_RETURN_TYPE = YES_ERROR;
				GCC_WARN_UNDECLARED_SELECTOR = YES;
				GCC_WARN_UNINITIALIZED_AUTOS = YES_AGGRESSIVE;
				GCC_WARN_UNUSED_FUNCTION = YES;
				GCC_WARN_UNUSED_VARIABLE = YES;
				IPHONEOS_DEPLOYMENT_TARGET = 13.4;
				MTL_ENABLE_DEBUG_INFO = INCLUDE_SOURCE;
				MTL_FAST_MATH = YES;
				ONLY_ACTIVE_ARCH = YES;
				SDKROOT = iphoneos;
				SWIFT_ACTIVE_COMPILATION_CONDITIONS = DEBUG;
				SWIFT_OPTIMIZATION_LEVEL = "-Onone";
			};
			name = Debug;
		};
		8EDE2EF4243141F800588FCA /* Release */ = {
			isa = XCBuildConfiguration;
			buildSettings = {
				ALWAYS_SEARCH_USER_PATHS = NO;
				CLANG_ANALYZER_NONNULL = YES;
				CLANG_ANALYZER_NUMBER_OBJECT_CONVERSION = YES_AGGRESSIVE;
				CLANG_CXX_LANGUAGE_STANDARD = "gnu++14";
				CLANG_CXX_LIBRARY = "libc++";
				CLANG_ENABLE_MODULES = YES;
				CLANG_ENABLE_OBJC_ARC = YES;
				CLANG_ENABLE_OBJC_WEAK = YES;
				CLANG_WARN_BLOCK_CAPTURE_AUTORELEASING = YES;
				CLANG_WARN_BOOL_CONVERSION = YES;
				CLANG_WARN_COMMA = YES;
				CLANG_WARN_CONSTANT_CONVERSION = YES;
				CLANG_WARN_DEPRECATED_OBJC_IMPLEMENTATIONS = YES;
				CLANG_WARN_DIRECT_OBJC_ISA_USAGE = YES_ERROR;
				CLANG_WARN_DOCUMENTATION_COMMENTS = YES;
				CLANG_WARN_EMPTY_BODY = YES;
				CLANG_WARN_ENUM_CONVERSION = YES;
				CLANG_WARN_INFINITE_RECURSION = YES;
				CLANG_WARN_INT_CONVERSION = YES;
				CLANG_WARN_NON_LITERAL_NULL_CONVERSION = YES;
				CLANG_WARN_OBJC_IMPLICIT_RETAIN_SELF = YES;
				CLANG_WARN_OBJC_LITERAL_CONVERSION = YES;
				CLANG_WARN_OBJC_ROOT_CLASS = YES_ERROR;
				CLANG_WARN_RANGE_LOOP_ANALYSIS = YES;
				CLANG_WARN_STRICT_PROTOTYPES = YES;
				CLANG_WARN_SUSPICIOUS_MOVE = YES;
				CLANG_WARN_UNGUARDED_AVAILABILITY = YES_AGGRESSIVE;
				CLANG_WARN_UNREACHABLE_CODE = YES;
				CLANG_WARN__DUPLICATE_METHOD_MATCH = YES;
				COPY_PHASE_STRIP = NO;
				DEBUG_INFORMATION_FORMAT = "dwarf-with-dsym";
				ENABLE_NS_ASSERTIONS = NO;
				ENABLE_STRICT_OBJC_MSGSEND = YES;
				GCC_C_LANGUAGE_STANDARD = gnu11;
				GCC_NO_COMMON_BLOCKS = YES;
				GCC_WARN_64_TO_32_BIT_CONVERSION = YES;
				GCC_WARN_ABOUT_RETURN_TYPE = YES_ERROR;
				GCC_WARN_UNDECLARED_SELECTOR = YES;
				GCC_WARN_UNINITIALIZED_AUTOS = YES_AGGRESSIVE;
				GCC_WARN_UNUSED_FUNCTION = YES;
				GCC_WARN_UNUSED_VARIABLE = YES;
				IPHONEOS_DEPLOYMENT_TARGET = 13.4;
				MTL_ENABLE_DEBUG_INFO = NO;
				MTL_FAST_MATH = YES;
				SDKROOT = iphoneos;
				SWIFT_COMPILATION_MODE = wholemodule;
				SWIFT_OPTIMIZATION_LEVEL = "-O";
				VALIDATE_PRODUCT = YES;
			};
			name = Release;
		};
		8EDE2EF6243141F800588FCA /* Debug */ = {
			isa = XCBuildConfiguration;
			buildSettings = {
				ASSETCATALOG_COMPILER_APPICON_NAME = AppIcon;
				CODE_SIGN_STYLE = Automatic;
				DEVELOPMENT_ASSET_PATHS = "\"HistoryCards/Preview Content\"";
				DEVELOPMENT_TEAM = X6D769Z7F4;
				ENABLE_PREVIEWS = YES;
				INFOPLIST_FILE = HistoryCards/Info.plist;
				IPHONEOS_DEPLOYMENT_TARGET = 13.0;
				LD_RUNPATH_SEARCH_PATHS = (
					"$(inherited)",
					"@executable_path/Frameworks",
				);
				PRODUCT_BUNDLE_IDENTIFIER = NM.HistoryCards;
				PRODUCT_NAME = "$(TARGET_NAME)";
				SWIFT_VERSION = 5.0;
				TARGETED_DEVICE_FAMILY = "1,2";
			};
			name = Debug;
		};
		8EDE2EF7243141F800588FCA /* Release */ = {
			isa = XCBuildConfiguration;
			buildSettings = {
				ASSETCATALOG_COMPILER_APPICON_NAME = AppIcon;
				CODE_SIGN_STYLE = Automatic;
				DEVELOPMENT_ASSET_PATHS = "\"HistoryCards/Preview Content\"";
				DEVELOPMENT_TEAM = X6D769Z7F4;
				ENABLE_PREVIEWS = YES;
				INFOPLIST_FILE = HistoryCards/Info.plist;
				IPHONEOS_DEPLOYMENT_TARGET = 13.0;
				LD_RUNPATH_SEARCH_PATHS = (
					"$(inherited)",
					"@executable_path/Frameworks",
				);
				PRODUCT_BUNDLE_IDENTIFIER = NM.HistoryCards;
				PRODUCT_NAME = "$(TARGET_NAME)";
				SWIFT_VERSION = 5.0;
				TARGETED_DEVICE_FAMILY = "1,2";
			};
			name = Release;
		};
		8EDE2EF9243141F800588FCA /* Debug */ = {
			isa = XCBuildConfiguration;
			buildSettings = {
				ALWAYS_EMBED_SWIFT_STANDARD_LIBRARIES = YES;
				BUNDLE_LOADER = "$(TEST_HOST)";
				CODE_SIGN_STYLE = Automatic;
				DEVELOPMENT_TEAM = X6D769Z7F4;
				INFOPLIST_FILE = HistoryCardsTests/Info.plist;
				IPHONEOS_DEPLOYMENT_TARGET = 13.4;
				LD_RUNPATH_SEARCH_PATHS = (
					"$(inherited)",
					"@executable_path/Frameworks",
					"@loader_path/Frameworks",
				);
				PRODUCT_BUNDLE_IDENTIFIER = NM.HistoryCardsTests;
				PRODUCT_NAME = "$(TARGET_NAME)";
				SWIFT_VERSION = 5.0;
				TARGETED_DEVICE_FAMILY = "1,2";
				TEST_HOST = "$(BUILT_PRODUCTS_DIR)/HistoryCards.app/HistoryCards";
			};
			name = Debug;
		};
		8EDE2EFA243141F800588FCA /* Release */ = {
			isa = XCBuildConfiguration;
			buildSettings = {
				ALWAYS_EMBED_SWIFT_STANDARD_LIBRARIES = YES;
				BUNDLE_LOADER = "$(TEST_HOST)";
				CODE_SIGN_STYLE = Automatic;
				DEVELOPMENT_TEAM = X6D769Z7F4;
				INFOPLIST_FILE = HistoryCardsTests/Info.plist;
				IPHONEOS_DEPLOYMENT_TARGET = 13.4;
				LD_RUNPATH_SEARCH_PATHS = (
					"$(inherited)",
					"@executable_path/Frameworks",
					"@loader_path/Frameworks",
				);
				PRODUCT_BUNDLE_IDENTIFIER = NM.HistoryCardsTests;
				PRODUCT_NAME = "$(TARGET_NAME)";
				SWIFT_VERSION = 5.0;
				TARGETED_DEVICE_FAMILY = "1,2";
				TEST_HOST = "$(BUILT_PRODUCTS_DIR)/HistoryCards.app/HistoryCards";
			};
			name = Release;
		};
		8EDE2EFC243141F800588FCA /* Debug */ = {
			isa = XCBuildConfiguration;
			buildSettings = {
				ALWAYS_EMBED_SWIFT_STANDARD_LIBRARIES = YES;
				CODE_SIGN_STYLE = Automatic;
				DEVELOPMENT_TEAM = X6D769Z7F4;
				INFOPLIST_FILE = HistoryCardsUITests/Info.plist;
				LD_RUNPATH_SEARCH_PATHS = (
					"$(inherited)",
					"@executable_path/Frameworks",
					"@loader_path/Frameworks",
				);
				PRODUCT_BUNDLE_IDENTIFIER = NM.HistoryCardsUITests;
				PRODUCT_NAME = "$(TARGET_NAME)";
				SWIFT_VERSION = 5.0;
				TARGETED_DEVICE_FAMILY = "1,2";
				TEST_TARGET_NAME = HistoryCards;
			};
			name = Debug;
		};
		8EDE2EFD243141F800588FCA /* Release */ = {
			isa = XCBuildConfiguration;
			buildSettings = {
				ALWAYS_EMBED_SWIFT_STANDARD_LIBRARIES = YES;
				CODE_SIGN_STYLE = Automatic;
				DEVELOPMENT_TEAM = X6D769Z7F4;
				INFOPLIST_FILE = HistoryCardsUITests/Info.plist;
				LD_RUNPATH_SEARCH_PATHS = (
					"$(inherited)",
					"@executable_path/Frameworks",
					"@loader_path/Frameworks",
				);
				PRODUCT_BUNDLE_IDENTIFIER = NM.HistoryCardsUITests;
				PRODUCT_NAME = "$(TARGET_NAME)";
				SWIFT_VERSION = 5.0;
				TARGETED_DEVICE_FAMILY = "1,2";
				TEST_TARGET_NAME = HistoryCards;
			};
			name = Release;
		};
/* End XCBuildConfiguration section */

/* Begin XCConfigurationList section */
		8EDE2EC3243141F400588FCA /* Build configuration list for PBXProject "HistoryCards" */ = {
			isa = XCConfigurationList;
			buildConfigurations = (
				8EDE2EF3243141F800588FCA /* Debug */,
				8EDE2EF4243141F800588FCA /* Release */,
			);
			defaultConfigurationIsVisible = 0;
			defaultConfigurationName = Release;
		};
		8EDE2EF5243141F800588FCA /* Build configuration list for PBXNativeTarget "HistoryCards" */ = {
			isa = XCConfigurationList;
			buildConfigurations = (
				8EDE2EF6243141F800588FCA /* Debug */,
				8EDE2EF7243141F800588FCA /* Release */,
			);
			defaultConfigurationIsVisible = 0;
			defaultConfigurationName = Release;
		};
		8EDE2EF8243141F800588FCA /* Build configuration list for PBXNativeTarget "HistoryCardsTests" */ = {
			isa = XCConfigurationList;
			buildConfigurations = (
				8EDE2EF9243141F800588FCA /* Debug */,
				8EDE2EFA243141F800588FCA /* Release */,
			);
			defaultConfigurationIsVisible = 0;
			defaultConfigurationName = Release;
		};
		8EDE2EFB243141F800588FCA /* Build configuration list for PBXNativeTarget "HistoryCardsUITests" */ = {
			isa = XCConfigurationList;
			buildConfigurations = (
				8EDE2EFC243141F800588FCA /* Debug */,
				8EDE2EFD243141F800588FCA /* Release */,
			);
			defaultConfigurationIsVisible = 0;
			defaultConfigurationName = Release;
		};
/* End XCConfigurationList section */

/* Begin XCVersionGroup section */
		8EDE2ECF243141F400588FCA /* HistoryCards.xcdatamodeld */ = {
			isa = XCVersionGroup;
			children = (
				8EDE2ED0243141F400588FCA /* HistoryCards.xcdatamodel */,
			);
			currentVersion = 8EDE2ED0243141F400588FCA /* HistoryCards.xcdatamodel */;
			path = HistoryCards.xcdatamodeld;
			sourceTree = "<group>";
			versionGroupType = wrapper.xcdatamodel;
		};
/* End XCVersionGroup section */
	};
	rootObject = 8EDE2EC0243141F400588FCA /* Project object */;
}
